// !$*UTF8*$!
{
	archiveVersion = 1;
	classes = {
	};
	objectVersion = 46;
	objects = {

/* Begin PBXBuildFile section */
		056C884118C8C232006260B3 /* libXS-C++.a in Frameworks */ = {isa = PBXBuildFile; fileRef = 056C881218C8B85F006260B3 /* libXS-C++.a */; };
		05DC06DC1A5FACEF00A7CF26 /* XS-C++.h in Headers */ = {isa = PBXBuildFile; fileRef = 05DC06DB1A5FACEF00A7CF26 /* XS-C++.h */; settings = {ATTRIBUTES = (Public, ); }; };
		05DC06DD1A5FACEF00A7CF26 /* XS-C++.h in Headers */ = {isa = PBXBuildFile; fileRef = 05DC06DB1A5FACEF00A7CF26 /* XS-C++.h */; settings = {ATTRIBUTES = (Public, ); }; };
		05DC06E01A5FAD5500A7CF26 /* Macros.h in Headers */ = {isa = PBXBuildFile; fileRef = 05DC06DF1A5FAD5100A7CF26 /* Macros.h */; settings = {ATTRIBUTES = (Public, ); }; };
		05DC06E11A5FAD5500A7CF26 /* Macros.h in Headers */ = {isa = PBXBuildFile; fileRef = 05DC06DF1A5FAD5100A7CF26 /* Macros.h */; settings = {ATTRIBUTES = (Public, ); }; };
		05DC06E31A5FADA300A7CF26 /* Types.h in Headers */ = {isa = PBXBuildFile; fileRef = 05DC06E21A5FADA300A7CF26 /* Types.h */; settings = {ATTRIBUTES = (Public, ); }; };
		05DC06E41A5FADA300A7CF26 /* Types.h in Headers */ = {isa = PBXBuildFile; fileRef = 05DC06E21A5FADA300A7CF26 /* Types.h */; settings = {ATTRIBUTES = (Public, ); }; };
		05DC06EB1A5FB38A00A7CF26 /* Atomic.h in Headers */ = {isa = PBXBuildFile; fileRef = 05DC06EA1A5FB38A00A7CF26 /* Atomic.h */; settings = {ATTRIBUTES = (Public, ); }; };
		05DC06EC1A5FB38A00A7CF26 /* Atomic.h in Headers */ = {isa = PBXBuildFile; fileRef = 05DC06EA1A5FB38A00A7CF26 /* Atomic.h */; settings = {ATTRIBUTES = (Public, ); }; };
		05DC06EE1A5FB44700A7CF26 /* XS-CPP.mm in Sources */ = {isa = PBXBuildFile; fileRef = 05DC06ED1A5FB44700A7CF26 /* XS-CPP.mm */; };
		05DC07341A5FC4CE00A7CF26 /* XS-Atomic.cpp in Sources */ = {isa = PBXBuildFile; fileRef = 05DC07331A5FC4CE00A7CF26 /* XS-Atomic.cpp */; };
		05DC07371A5FC9DB00A7CF26 /* MemoryBarrier.cpp in Sources */ = {isa = PBXBuildFile; fileRef = 05DC07361A5FC9DB00A7CF26 /* MemoryBarrier.cpp */; };
		05DC07381A5FC9DB00A7CF26 /* MemoryBarrier.cpp in Sources */ = {isa = PBXBuildFile; fileRef = 05DC07361A5FC9DB00A7CF26 /* MemoryBarrier.cpp */; };
		05DC07391A5FC9DB00A7CF26 /* MemoryBarrier.cpp in Sources */ = {isa = PBXBuildFile; fileRef = 05DC07361A5FC9DB00A7CF26 /* MemoryBarrier.cpp */; };
		05DC073A1A5FC9DB00A7CF26 /* MemoryBarrier.cpp in Sources */ = {isa = PBXBuildFile; fileRef = 05DC07361A5FC9DB00A7CF26 /* MemoryBarrier.cpp */; };
		05DC073C1A5FCA6800A7CF26 /* Increment32.cpp in Sources */ = {isa = PBXBuildFile; fileRef = 05DC073B1A5FCA6800A7CF26 /* Increment32.cpp */; };
		05DC073D1A5FCA6800A7CF26 /* Increment32.cpp in Sources */ = {isa = PBXBuildFile; fileRef = 05DC073B1A5FCA6800A7CF26 /* Increment32.cpp */; };
		05DC073E1A5FCA6800A7CF26 /* Increment32.cpp in Sources */ = {isa = PBXBuildFile; fileRef = 05DC073B1A5FCA6800A7CF26 /* Increment32.cpp */; };
		05DC073F1A5FCA6800A7CF26 /* Increment32.cpp in Sources */ = {isa = PBXBuildFile; fileRef = 05DC073B1A5FCA6800A7CF26 /* Increment32.cpp */; };
		05DC07411A5FCC1300A7CF26 /* Increment64.cpp in Sources */ = {isa = PBXBuildFile; fileRef = 05DC07401A5FCC1300A7CF26 /* Increment64.cpp */; };
		05DC07421A5FCC1300A7CF26 /* Increment64.cpp in Sources */ = {isa = PBXBuildFile; fileRef = 05DC07401A5FCC1300A7CF26 /* Increment64.cpp */; };
		05DC07431A5FCC1300A7CF26 /* Increment64.cpp in Sources */ = {isa = PBXBuildFile; fileRef = 05DC07401A5FCC1300A7CF26 /* Increment64.cpp */; };
		05DC07441A5FCC1300A7CF26 /* Increment64.cpp in Sources */ = {isa = PBXBuildFile; fileRef = 05DC07401A5FCC1300A7CF26 /* Increment64.cpp */; };
		05DC07461A5FCD4700A7CF26 /* Decrement32.cpp in Sources */ = {isa = PBXBuildFile; fileRef = 05DC07451A5FCD4700A7CF26 /* Decrement32.cpp */; };
		05DC07471A5FCD4700A7CF26 /* Decrement32.cpp in Sources */ = {isa = PBXBuildFile; fileRef = 05DC07451A5FCD4700A7CF26 /* Decrement32.cpp */; };
		05DC07481A5FCD4700A7CF26 /* Decrement32.cpp in Sources */ = {isa = PBXBuildFile; fileRef = 05DC07451A5FCD4700A7CF26 /* Decrement32.cpp */; };
		05DC07491A5FCD4700A7CF26 /* Decrement32.cpp in Sources */ = {isa = PBXBuildFile; fileRef = 05DC07451A5FCD4700A7CF26 /* Decrement32.cpp */; };
		05DC074B1A5FCF2C00A7CF26 /* Decrement64.cpp in Sources */ = {isa = PBXBuildFile; fileRef = 05DC074A1A5FCF2C00A7CF26 /* Decrement64.cpp */; };
		05DC074C1A5FCF2C00A7CF26 /* Decrement64.cpp in Sources */ = {isa = PBXBuildFile; fileRef = 05DC074A1A5FCF2C00A7CF26 /* Decrement64.cpp */; };
		05DC074D1A5FCF2C00A7CF26 /* Decrement64.cpp in Sources */ = {isa = PBXBuildFile; fileRef = 05DC074A1A5FCF2C00A7CF26 /* Decrement64.cpp */; };
		05DC074E1A5FCF2C00A7CF26 /* Decrement64.cpp in Sources */ = {isa = PBXBuildFile; fileRef = 05DC074A1A5FCF2C00A7CF26 /* Decrement64.cpp */; };
		05E71B5E1961D96100F911C4 /* main.cpp in Sources */ = {isa = PBXBuildFile; fileRef = 05E71B5D1961D96100F911C4 /* main.cpp */; };
		05E71B691961D9D100F911C4 /* libXS-C++.a in Frameworks */ = {isa = PBXBuildFile; fileRef = 056C881218C8B85F006260B3 /* libXS-C++.a */; };
/* End PBXBuildFile section */

/* Begin PBXContainerItemProxy section */
		05169CA01962ACD80082861C /* PBXContainerItemProxy */ = {
			isa = PBXContainerItemProxy;
			containerPortal = 056C87C618C8B0F8006260B3 /* Project object */;
			proxyType = 1;
			remoteGlobalIDString = 056C881118C8B85F006260B3;
			remoteInfo = "CF++ Mac Static Library";
		};
		05169CA21962ACD80082861C /* PBXContainerItemProxy */ = {
			isa = PBXContainerItemProxy;
			containerPortal = 056C87C618C8B0F8006260B3 /* Project object */;
			proxyType = 1;
			remoteGlobalIDString = 056C881118C8B85F006260B3;
			remoteInfo = "CF++ Mac Static Library";
		};
		056C883F18C8C22E006260B3 /* PBXContainerItemProxy */ = {
			isa = PBXContainerItemProxy;
			containerPortal = 056C87C618C8B0F8006260B3 /* Project object */;
			proxyType = 1;
			remoteGlobalIDString = 056C881118C8B85F006260B3;
			remoteInfo = "CF++";
		};
		056C884E18C8C577006260B3 /* PBXContainerItemProxy */ = {
			isa = PBXContainerItemProxy;
			containerPortal = 056C87C618C8B0F8006260B3 /* Project object */;
			proxyType = 1;
			remoteGlobalIDString = 056C884918C8C547006260B3;
			remoteInfo = "CF++ Mac Synamic Library";
		};
		056C888D18C8C7F0006260B3 /* PBXContainerItemProxy */ = {
			isa = PBXContainerItemProxy;
			containerPortal = 056C87C618C8B0F8006260B3 /* Project object */;
			proxyType = 1;
			remoteGlobalIDString = 056C885E18C8C76B006260B3;
			remoteInfo = "CF++";
		};
		056C88D118C8C93C006260B3 /* PBXContainerItemProxy */ = {
			isa = PBXContainerItemProxy;
			containerPortal = 056C87C618C8B0F8006260B3 /* Project object */;
			proxyType = 1;
			remoteGlobalIDString = 056C88A918C8C8AC006260B3;
			remoteInfo = "CF++ iOS Static Library";
		};
		05E71B6A1961D9D100F911C4 /* PBXContainerItemProxy */ = {
			isa = PBXContainerItemProxy;
			containerPortal = 056C87C618C8B0F8006260B3 /* Project object */;
			proxyType = 1;
			remoteGlobalIDString = 056C881118C8B85F006260B3;
			remoteInfo = "CF++ Mac Static Library";
		};
/* End PBXContainerItemProxy section */

/* Begin PBXCopyFilesBuildPhase section */
		056C87CC18C8B0F8006260B3 /* CopyFiles */ = {
			isa = PBXCopyFilesBuildPhase;
			buildActionMask = 2147483647;
			dstPath = /usr/share/man/man1/;
			dstSubfolderSpec = 0;
			files = (
			);
			runOnlyForDeploymentPostprocessing = 1;
		};
		056C88A818C8C8AC006260B3 /* CopyFiles */ = {
			isa = PBXCopyFilesBuildPhase;
			buildActionMask = 2147483647;
			dstPath = "include/$(PRODUCT_NAME)";
			dstSubfolderSpec = 16;
			files = (
			);
			runOnlyForDeploymentPostprocessing = 0;
		};
/* End PBXCopyFilesBuildPhase section */

/* Begin PBXFileReference section */
		051F09651946EB70004B6E47 /* README.md */ = {isa = PBXFileReference; lastKnownFileType = net.daringfireball.markdown; path = README.md; sourceTree = "<group>"; };
		056C87CE18C8B0F8006260B3 /* XS-C++ Example */ = {isa = PBXFileReference; explicitFileType = "compiled.mach-o.executable"; includeInIndex = 0; path = "XS-C++ Example"; sourceTree = BUILT_PRODUCTS_DIR; };
		056C881218C8B85F006260B3 /* libXS-C++.a */ = {isa = PBXFileReference; explicitFileType = archive.ar; includeInIndex = 0; path = "libXS-C++.a"; sourceTree = BUILT_PRODUCTS_DIR; };
		056C884A18C8C547006260B3 /* libXS-C++.dylib */ = {isa = PBXFileReference; explicitFileType = "compiled.mach-o.dylib"; includeInIndex = 0; path = "libXS-C++.dylib"; sourceTree = BUILT_PRODUCTS_DIR; };
		056C885F18C8C76B006260B3 /* XS-C++.framework */ = {isa = PBXFileReference; explicitFileType = wrapper.framework; includeInIndex = 0; path = "XS-C++.framework"; sourceTree = BUILT_PRODUCTS_DIR; };
		056C88AA18C8C8AC006260B3 /* libXS-C++.a */ = {isa = PBXFileReference; explicitFileType = archive.ar; includeInIndex = 0; path = "libXS-C++.a"; sourceTree = BUILT_PRODUCTS_DIR; };
		05BDE00A18CDB2450028F339 /* Clang-Warnings.h */ = {isa = PBXFileReference; lastKnownFileType = sourcecode.c.h; path = "Clang-Warnings.h"; sourceTree = "<group>"; };
		05BDE01818CDB2450028F339 /* Info.plist */ = {isa = PBXFileReference; lastKnownFileType = text.plist.xml; path = Info.plist; sourceTree = "<group>"; };
		05BDE01918CDB2450028F339 /* PrefixHeader.pch */ = {isa = PBXFileReference; lastKnownFileType = sourcecode.c.h; path = PrefixHeader.pch; sourceTree = "<group>"; };
		05DC06DB1A5FACEF00A7CF26 /* XS-C++.h */ = {isa = PBXFileReference; fileEncoding = 4; lastKnownFileType = sourcecode.c.h; path = "XS-C++.h"; sourceTree = "<group>"; };
		05DC06DF1A5FAD5100A7CF26 /* Macros.h */ = {isa = PBXFileReference; lastKnownFileType = sourcecode.c.h; path = Macros.h; sourceTree = "<group>"; };
		05DC06E21A5FADA300A7CF26 /* Types.h */ = {isa = PBXFileReference; fileEncoding = 4; lastKnownFileType = sourcecode.c.h; path = Types.h; sourceTree = "<group>"; };
		05DC06EA1A5FB38A00A7CF26 /* Atomic.h */ = {isa = PBXFileReference; fileEncoding = 4; lastKnownFileType = sourcecode.c.h; path = Atomic.h; sourceTree = "<group>"; };
		05DC06ED1A5FB44700A7CF26 /* XS-CPP.mm */ = {isa = PBXFileReference; fileEncoding = 4; lastKnownFileType = sourcecode.cpp.objcpp; path = "XS-CPP.mm"; sourceTree = "<group>"; };
		05DC07331A5FC4CE00A7CF26 /* XS-Atomic.cpp */ = {isa = PBXFileReference; fileEncoding = 4; lastKnownFileType = sourcecode.cpp.cpp; path = "XS-Atomic.cpp"; sourceTree = "<group>"; };
		05DC07361A5FC9DB00A7CF26 /* MemoryBarrier.cpp */ = {isa = PBXFileReference; fileEncoding = 4; lastKnownFileType = sourcecode.cpp.cpp; path = MemoryBarrier.cpp; sourceTree = "<group>"; };
		05DC073B1A5FCA6800A7CF26 /* Increment32.cpp */ = {isa = PBXFileReference; fileEncoding = 4; lastKnownFileType = sourcecode.cpp.cpp; path = Increment32.cpp; sourceTree = "<group>"; };
		05DC07401A5FCC1300A7CF26 /* Increment64.cpp */ = {isa = PBXFileReference; fileEncoding = 4; lastKnownFileType = sourcecode.cpp.cpp; path = Increment64.cpp; sourceTree = "<group>"; };
		05DC07451A5FCD4700A7CF26 /* Decrement32.cpp */ = {isa = PBXFileReference; fileEncoding = 4; lastKnownFileType = sourcecode.cpp.cpp; path = Decrement32.cpp; sourceTree = "<group>"; };
		05DC074A1A5FCF2C00A7CF26 /* Decrement64.cpp */ = {isa = PBXFileReference; fileEncoding = 4; lastKnownFileType = sourcecode.cpp.cpp; path = Decrement64.cpp; sourceTree = "<group>"; };
		05E71B5D1961D96100F911C4 /* main.cpp */ = {isa = PBXFileReference; fileEncoding = 4; lastKnownFileType = sourcecode.cpp.cpp; path = main.cpp; sourceTree = "<group>"; };
		05E71B631961D9D100F911C4 /* XS-C++ Tests.xctest */ = {isa = PBXFileReference; explicitFileType = wrapper.cfbundle; includeInIndex = 0; path = "XS-C++ Tests.xctest"; sourceTree = BUILT_PRODUCTS_DIR; };
		05E71B711961DA1100F911C4 /* Info.plist */ = {isa = PBXFileReference; fileEncoding = 4; lastKnownFileType = text.plist.xml; path = Info.plist; sourceTree = "<group>"; };
		05E71B741961DD4800F911C4 /* PrefixHeader.pch */ = {isa = PBXFileReference; lastKnownFileType = sourcecode.c.h; path = PrefixHeader.pch; sourceTree = "<group>"; };
/* End PBXFileReference section */

/* Begin PBXFrameworksBuildPhase section */
		056C87CB18C8B0F8006260B3 /* Frameworks */ = {
			isa = PBXFrameworksBuildPhase;
			buildActionMask = 2147483647;
			files = (
				056C884118C8C232006260B3 /* libXS-C++.a in Frameworks */,
			);
			runOnlyForDeploymentPostprocessing = 0;
		};
		056C880F18C8B85F006260B3 /* Frameworks */ = {
			isa = PBXFrameworksBuildPhase;
			buildActionMask = 2147483647;
			files = (
			);
			runOnlyForDeploymentPostprocessing = 0;
		};
		056C884718C8C547006260B3 /* Frameworks */ = {
			isa = PBXFrameworksBuildPhase;
			buildActionMask = 2147483647;
			files = (
			);
			runOnlyForDeploymentPostprocessing = 0;
		};
		056C885B18C8C76B006260B3 /* Frameworks */ = {
			isa = PBXFrameworksBuildPhase;
			buildActionMask = 2147483647;
			files = (
			);
			runOnlyForDeploymentPostprocessing = 0;
		};
		056C88A718C8C8AC006260B3 /* Frameworks */ = {
			isa = PBXFrameworksBuildPhase;
			buildActionMask = 2147483647;
			files = (
			);
			runOnlyForDeploymentPostprocessing = 0;
		};
		05E71B601961D9D100F911C4 /* Frameworks */ = {
			isa = PBXFrameworksBuildPhase;
			buildActionMask = 2147483647;
			files = (
				05E71B691961D9D100F911C4 /* libXS-C++.a in Frameworks */,
			);
			runOnlyForDeploymentPostprocessing = 0;
		};
/* End PBXFrameworksBuildPhase section */

/* Begin PBXGroup section */
		056C87C518C8B0F8006260B3 = {
			isa = PBXGroup;
			children = (
				051F09651946EB70004B6E47 /* README.md */,
				05BDE00918CDB2450028F339 /* XS-C++ */,
				05E71B6F1961DA1100F911C4 /* XS-C++ Tests */,
				05E71B5C1961D96100F911C4 /* XS-C++ Example */,
				056C880D18C8B50E006260B3 /* Frameworks */,
				056C87CF18C8B0F8006260B3 /* Products */,
			);
			sourceTree = "<group>";
		};
		056C87CF18C8B0F8006260B3 /* Products */ = {
			isa = PBXGroup;
			children = (
				056C87CE18C8B0F8006260B3 /* XS-C++ Example */,
				056C881218C8B85F006260B3 /* libXS-C++.a */,
				056C884A18C8C547006260B3 /* libXS-C++.dylib */,
				056C885F18C8C76B006260B3 /* XS-C++.framework */,
				056C88AA18C8C8AC006260B3 /* libXS-C++.a */,
				05E71B631961D9D100F911C4 /* XS-C++ Tests.xctest */,
			);
			name = Products;
			sourceTree = "<group>";
		};
		056C880D18C8B50E006260B3 /* Frameworks */ = {
			isa = PBXGroup;
			children = (
			);
			name = Frameworks;
			sourceTree = "<group>";
		};
		05BDE00918CDB2450028F339 /* XS-C++ */ = {
			isa = PBXGroup;
			children = (
				05BDE00A18CDB2450028F339 /* Clang-Warnings.h */,
				05BDE00B18CDB2450028F339 /* include */,
				05BDE01818CDB2450028F339 /* Info.plist */,
				05BDE01918CDB2450028F339 /* PrefixHeader.pch */,
				05BDE01A18CDB2450028F339 /* source */,
			);
			path = "XS-C++";
			sourceTree = "<group>";
		};
		05BDE00B18CDB2450028F339 /* include */ = {
			isa = PBXGroup;
			children = (
				05DC06DE1A5FAD5100A7CF26 /* XS-C++ */,
				05DC06DB1A5FACEF00A7CF26 /* XS-C++.h */,
			);
			path = include;
			sourceTree = "<group>";
		};
		05BDE01A18CDB2450028F339 /* source */ = {
			isa = PBXGroup;
			children = (
				05DC07351A5FC9DB00A7CF26 /* Atomic */,
			);
			path = source;
			sourceTree = "<group>";
		};
		05DC06DE1A5FAD5100A7CF26 /* XS-C++ */ = {
			isa = PBXGroup;
			children = (
				05DC06EA1A5FB38A00A7CF26 /* Atomic.h */,
				05DC06DF1A5FAD5100A7CF26 /* Macros.h */,
				05DC06E21A5FADA300A7CF26 /* Types.h */,
			);
			path = "XS-C++";
			sourceTree = "<group>";
		};
		05DC07321A5FC4CE00A7CF26 /* Tests */ = {
			isa = PBXGroup;
			children = (
				05DC07331A5FC4CE00A7CF26 /* XS-Atomic.cpp */,
			);
			path = Tests;
			sourceTree = "<group>";
		};
		05DC07351A5FC9DB00A7CF26 /* Atomic */ = {
			isa = PBXGroup;
			children = (
				05DC07451A5FCD4700A7CF26 /* Decrement32.cpp */,
				05DC074A1A5FCF2C00A7CF26 /* Decrement64.cpp */,
				05DC073B1A5FCA6800A7CF26 /* Increment32.cpp */,
				05DC07401A5FCC1300A7CF26 /* Increment64.cpp */,
				05DC07361A5FC9DB00A7CF26 /* MemoryBarrier.cpp */,
			);
			path = Atomic;
			sourceTree = "<group>";
		};
		05E71B5C1961D96100F911C4 /* XS-C++ Example */ = {
			isa = PBXGroup;
			children = (
				05E71B5D1961D96100F911C4 /* main.cpp */,
			);
			path = "XS-C++ Example";
			sourceTree = "<group>";
		};
		05E71B6F1961DA1100F911C4 /* XS-C++ Tests */ = {
			isa = PBXGroup;
			children = (
				05E71B711961DA1100F911C4 /* Info.plist */,
				05E71B741961DD4800F911C4 /* PrefixHeader.pch */,
				05DC06ED1A5FB44700A7CF26 /* XS-CPP.mm */,
				05DC07321A5FC4CE00A7CF26 /* Tests */,
			);
			path = "XS-C++ Tests";
			sourceTree = "<group>";
		};
/* End PBXGroup section */

/* Begin PBXHeadersBuildPhase section */
		056C881018C8B85F006260B3 /* Headers */ = {
			isa = PBXHeadersBuildPhase;
			buildActionMask = 2147483647;
			files = (
			);
			runOnlyForDeploymentPostprocessing = 0;
		};
		056C884818C8C547006260B3 /* Headers */ = {
			isa = PBXHeadersBuildPhase;
			buildActionMask = 2147483647;
			files = (
				05DC06E31A5FADA300A7CF26 /* Types.h in Headers */,
				05DC06DC1A5FACEF00A7CF26 /* XS-C++.h in Headers */,
				05DC06E11A5FAD5500A7CF26 /* Macros.h in Headers */,
				05DC06EB1A5FB38A00A7CF26 /* Atomic.h in Headers */,
			);
			runOnlyForDeploymentPostprocessing = 0;
		};
		056C885C18C8C76B006260B3 /* Headers */ = {
			isa = PBXHeadersBuildPhase;
			buildActionMask = 2147483647;
			files = (
				05DC06E41A5FADA300A7CF26 /* Types.h in Headers */,
				05DC06DD1A5FACEF00A7CF26 /* XS-C++.h in Headers */,
				05DC06E01A5FAD5500A7CF26 /* Macros.h in Headers */,
				05DC06EC1A5FB38A00A7CF26 /* Atomic.h in Headers */,
			);
			runOnlyForDeploymentPostprocessing = 0;
		};
/* End PBXHeadersBuildPhase section */

/* Begin PBXNativeTarget section */
		056C87CD18C8B0F8006260B3 /* XS-C++ Example */ = {
			isa = PBXNativeTarget;
			buildConfigurationList = 056C87D718C8B0F8006260B3 /* Build configuration list for PBXNativeTarget "XS-C++ Example" */;
			buildPhases = (
				056C87CA18C8B0F8006260B3 /* Sources */,
				056C87CB18C8B0F8006260B3 /* Frameworks */,
				056C87CC18C8B0F8006260B3 /* CopyFiles */,
			);
			buildRules = (
			);
			dependencies = (
				056C884018C8C22E006260B3 /* PBXTargetDependency */,
				056C884F18C8C577006260B3 /* PBXTargetDependency */,
				056C888E18C8C7F0006260B3 /* PBXTargetDependency */,
				056C88D218C8C93C006260B3 /* PBXTargetDependency */,
			);
			name = "XS-C++ Example";
			productName = Testing;
			productReference = 056C87CE18C8B0F8006260B3 /* XS-C++ Example */;
			productType = "com.apple.product-type.tool";
		};
		056C881118C8B85F006260B3 /* XS-C++ Mac Static Library */ = {
			isa = PBXNativeTarget;
			buildConfigurationList = 056C881318C8B85F006260B3 /* Build configuration list for PBXNativeTarget "XS-C++ Mac Static Library" */;
			buildPhases = (
				056C880E18C8B85F006260B3 /* Sources */,
				056C880F18C8B85F006260B3 /* Frameworks */,
				056C881018C8B85F006260B3 /* Headers */,
			);
			buildRules = (
			);
			dependencies = (
			);
			name = "XS-C++ Mac Static Library";
			productName = "CF++";
			productReference = 056C881218C8B85F006260B3 /* libXS-C++.a */;
			productType = "com.apple.product-type.library.static";
		};
		056C884918C8C547006260B3 /* XS-C++ Mac Dynamic Library */ = {
			isa = PBXNativeTarget;
			buildConfigurationList = 056C884B18C8C547006260B3 /* Build configuration list for PBXNativeTarget "XS-C++ Mac Dynamic Library" */;
			buildPhases = (
				056C884618C8C547006260B3 /* Sources */,
				056C884718C8C547006260B3 /* Frameworks */,
				056C884818C8C547006260B3 /* Headers */,
			);
			buildRules = (
			);
			dependencies = (
			);
			name = "XS-C++ Mac Dynamic Library";
			productName = "CF++";
			productReference = 056C884A18C8C547006260B3 /* libXS-C++.dylib */;
			productType = "com.apple.product-type.library.dynamic";
		};
		056C885E18C8C76B006260B3 /* XS-C++ Mac Framework */ = {
			isa = PBXNativeTarget;
			buildConfigurationList = 056C888318C8C76C006260B3 /* Build configuration list for PBXNativeTarget "XS-C++ Mac Framework" */;
			buildPhases = (
				056C885A18C8C76B006260B3 /* Sources */,
				056C885B18C8C76B006260B3 /* Frameworks */,
				056C885C18C8C76B006260B3 /* Headers */,
				056C885D18C8C76B006260B3 /* Resources */,
			);
			buildRules = (
			);
			dependencies = (
			);
			name = "XS-C++ Mac Framework";
			productName = "CF++";
			productReference = 056C885F18C8C76B006260B3 /* XS-C++.framework */;
			productType = "com.apple.product-type.framework";
		};
		056C88A918C8C8AC006260B3 /* XS-C++ iOS Static Library */ = {
			isa = PBXNativeTarget;
			buildConfigurationList = 056C88C918C8C8AD006260B3 /* Build configuration list for PBXNativeTarget "XS-C++ iOS Static Library" */;
			buildPhases = (
				056C88A618C8C8AC006260B3 /* Sources */,
				056C88A718C8C8AC006260B3 /* Frameworks */,
				056C88A818C8C8AC006260B3 /* CopyFiles */,
			);
			buildRules = (
			);
			dependencies = (
			);
			name = "XS-C++ iOS Static Library";
			productName = "CF++";
			productReference = 056C88AA18C8C8AC006260B3 /* libXS-C++.a */;
			productType = "com.apple.product-type.library.static";
		};
		05E71B621961D9D100F911C4 /* XS-C++ Tests */ = {
			isa = PBXNativeTarget;
			buildConfigurationList = 05E71B6C1961D9D100F911C4 /* Build configuration list for PBXNativeTarget "XS-C++ Tests" */;
			buildPhases = (
				05E71B5F1961D9D100F911C4 /* Sources */,
				05E71B601961D9D100F911C4 /* Frameworks */,
				05E71B611961D9D100F911C4 /* Resources */,
			);
			buildRules = (
			);
			dependencies = (
				05E71B6B1961D9D100F911C4 /* PBXTargetDependency */,
				05169CA11962ACD80082861C /* PBXTargetDependency */,
				05169CA31962ACD80082861C /* PBXTargetDependency */,
			);
			name = "XS-C++ Tests";
			productName = "CF++ Tests";
			productReference = 05E71B631961D9D100F911C4 /* XS-C++ Tests.xctest */;
			productType = "com.apple.product-type.bundle.unit-test";
		};
/* End PBXNativeTarget section */

/* Begin PBXProject section */
		056C87C618C8B0F8006260B3 /* Project object */ = {
			isa = PBXProject;
			attributes = {
				LastUpgradeCheck = 0610;
				ORGANIZATIONNAME = "XS-Labs";
				TargetAttributes = {
					05E71B621961D9D100F911C4 = {
						CreatedOnToolsVersion = 6.0;
						TestTargetID = 056C881118C8B85F006260B3;
					};
				};
			};
			buildConfigurationList = 056C87C918C8B0F8006260B3 /* Build configuration list for PBXProject "XS-C++" */;
			compatibilityVersion = "Xcode 3.2";
			developmentRegion = English;
			hasScannedForEncodings = 0;
			knownRegions = (
				en,
			);
			mainGroup = 056C87C518C8B0F8006260B3;
			productRefGroup = 056C87CF18C8B0F8006260B3 /* Products */;
			projectDirPath = "";
			projectRoot = "";
			targets = (
				056C87CD18C8B0F8006260B3 /* XS-C++ Example */,
				056C881118C8B85F006260B3 /* XS-C++ Mac Static Library */,
				056C884918C8C547006260B3 /* XS-C++ Mac Dynamic Library */,
				056C885E18C8C76B006260B3 /* XS-C++ Mac Framework */,
				056C88A918C8C8AC006260B3 /* XS-C++ iOS Static Library */,
				05E71B621961D9D100F911C4 /* XS-C++ Tests */,
			);
		};
/* End PBXProject section */

/* Begin PBXResourcesBuildPhase section */
		056C885D18C8C76B006260B3 /* Resources */ = {
			isa = PBXResourcesBuildPhase;
			buildActionMask = 2147483647;
			files = (
			);
			runOnlyForDeploymentPostprocessing = 0;
		};
		05E71B611961D9D100F911C4 /* Resources */ = {
			isa = PBXResourcesBuildPhase;
			buildActionMask = 2147483647;
			files = (
			);
			runOnlyForDeploymentPostprocessing = 0;
		};
/* End PBXResourcesBuildPhase section */

/* Begin PBXSourcesBuildPhase section */
		056C87CA18C8B0F8006260B3 /* Sources */ = {
			isa = PBXSourcesBuildPhase;
			buildActionMask = 2147483647;
			files = (
				05E71B5E1961D96100F911C4 /* main.cpp in Sources */,
			);
			runOnlyForDeploymentPostprocessing = 0;
		};
		056C880E18C8B85F006260B3 /* Sources */ = {
			isa = PBXSourcesBuildPhase;
			buildActionMask = 2147483647;
			files = (
				05DC07461A5FCD4700A7CF26 /* Decrement32.cpp in Sources */,
				05DC074B1A5FCF2C00A7CF26 /* Decrement64.cpp in Sources */,
				05DC073C1A5FCA6800A7CF26 /* Increment32.cpp in Sources */,
				05DC07371A5FC9DB00A7CF26 /* MemoryBarrier.cpp in Sources */,
				05DC07411A5FCC1300A7CF26 /* Increment64.cpp in Sources */,
			);
			runOnlyForDeploymentPostprocessing = 0;
		};
		056C884618C8C547006260B3 /* Sources */ = {
			isa = PBXSourcesBuildPhase;
			buildActionMask = 2147483647;
			files = (
				05DC07471A5FCD4700A7CF26 /* Decrement32.cpp in Sources */,
				05DC074C1A5FCF2C00A7CF26 /* Decrement64.cpp in Sources */,
				05DC073D1A5FCA6800A7CF26 /* Increment32.cpp in Sources */,
				05DC07381A5FC9DB00A7CF26 /* MemoryBarrier.cpp in Sources */,
				05DC07421A5FCC1300A7CF26 /* Increment64.cpp in Sources */,
			);
			runOnlyForDeploymentPostprocessing = 0;
		};
		056C885A18C8C76B006260B3 /* Sources */ = {
			isa = PBXSourcesBuildPhase;
			buildActionMask = 2147483647;
			files = (
				05DC07481A5FCD4700A7CF26 /* Decrement32.cpp in Sources */,
				05DC074D1A5FCF2C00A7CF26 /* Decrement64.cpp in Sources */,
				05DC073E1A5FCA6800A7CF26 /* Increment32.cpp in Sources */,
				05DC07391A5FC9DB00A7CF26 /* MemoryBarrier.cpp in Sources */,
				05DC07431A5FCC1300A7CF26 /* Increment64.cpp in Sources */,
			);
			runOnlyForDeploymentPostprocessing = 0;
		};
		056C88A618C8C8AC006260B3 /* Sources */ = {
			isa = PBXSourcesBuildPhase;
			buildActionMask = 2147483647;
			files = (
				05DC07491A5FCD4700A7CF26 /* Decrement32.cpp in Sources */,
				05DC074E1A5FCF2C00A7CF26 /* Decrement64.cpp in Sources */,
				05DC073F1A5FCA6800A7CF26 /* Increment32.cpp in Sources */,
				05DC073A1A5FC9DB00A7CF26 /* MemoryBarrier.cpp in Sources */,
				05DC07441A5FCC1300A7CF26 /* Increment64.cpp in Sources */,
			);
			runOnlyForDeploymentPostprocessing = 0;
		};
		05E71B5F1961D9D100F911C4 /* Sources */ = {
			isa = PBXSourcesBuildPhase;
			buildActionMask = 2147483647;
			files = (
				05DC06EE1A5FB44700A7CF26 /* XS-CPP.mm in Sources */,
				05DC07341A5FC4CE00A7CF26 /* XS-Atomic.cpp in Sources */,
			);
			runOnlyForDeploymentPostprocessing = 0;
		};
/* End PBXSourcesBuildPhase section */

/* Begin PBXTargetDependency section */
		05169CA11962ACD80082861C /* PBXTargetDependency */ = {
			isa = PBXTargetDependency;
			target = 056C881118C8B85F006260B3 /* XS-C++ Mac Static Library */;
			targetProxy = 05169CA01962ACD80082861C /* PBXContainerItemProxy */;
		};
		05169CA31962ACD80082861C /* PBXTargetDependency */ = {
			isa = PBXTargetDependency;
			target = 056C881118C8B85F006260B3 /* XS-C++ Mac Static Library */;
			targetProxy = 05169CA21962ACD80082861C /* PBXContainerItemProxy */;
		};
		056C884018C8C22E006260B3 /* PBXTargetDependency */ = {
			isa = PBXTargetDependency;
			target = 056C881118C8B85F006260B3 /* XS-C++ Mac Static Library */;
			targetProxy = 056C883F18C8C22E006260B3 /* PBXContainerItemProxy */;
		};
		056C884F18C8C577006260B3 /* PBXTargetDependency */ = {
			isa = PBXTargetDependency;
			target = 056C884918C8C547006260B3 /* XS-C++ Mac Dynamic Library */;
			targetProxy = 056C884E18C8C577006260B3 /* PBXContainerItemProxy */;
		};
		056C888E18C8C7F0006260B3 /* PBXTargetDependency */ = {
			isa = PBXTargetDependency;
			target = 056C885E18C8C76B006260B3 /* XS-C++ Mac Framework */;
			targetProxy = 056C888D18C8C7F0006260B3 /* PBXContainerItemProxy */;
		};
		056C88D218C8C93C006260B3 /* PBXTargetDependency */ = {
			isa = PBXTargetDependency;
			target = 056C88A918C8C8AC006260B3 /* XS-C++ iOS Static Library */;
			targetProxy = 056C88D118C8C93C006260B3 /* PBXContainerItemProxy */;
		};
		05E71B6B1961D9D100F911C4 /* PBXTargetDependency */ = {
			isa = PBXTargetDependency;
			target = 056C881118C8B85F006260B3 /* XS-C++ Mac Static Library */;
			targetProxy = 05E71B6A1961D9D100F911C4 /* PBXContainerItemProxy */;
		};
/* End PBXTargetDependency section */

/* Begin XCBuildConfiguration section */
		056C87D518C8B0F8006260B3 /* Debug */ = {
			isa = XCBuildConfiguration;
			buildSettings = {
				ALWAYS_SEARCH_USER_PATHS = NO;
				ARCHS = "$(ARCHS_STANDARD)";
				CLANG_ANALYZER_DEADCODE_DEADSTORES = YES;
				CLANG_ANALYZER_GCD = YES;
				CLANG_ANALYZER_MEMORY_MANAGEMENT = YES;
				CLANG_ANALYZER_OBJC_ATSYNC = YES;
				CLANG_ANALYZER_OBJC_COLLECTIONS = YES;
				CLANG_ANALYZER_OBJC_INCOMP_METHOD_TYPES = YES;
				CLANG_ANALYZER_OBJC_NSCFERROR = YES;
				CLANG_ANALYZER_OBJC_RETAIN_COUNT = YES;
				CLANG_ANALYZER_OBJC_SELF_INIT = YES;
				CLANG_ANALYZER_OBJC_UNUSED_IVARS = YES;
				CLANG_ANALYZER_SECURITY_FLOATLOOPCOUNTER = YES;
				CLANG_ANALYZER_SECURITY_INSECUREAPI_GETPW_GETS = YES;
				CLANG_ANALYZER_SECURITY_INSECUREAPI_MKSTEMP = YES;
				CLANG_ANALYZER_SECURITY_INSECUREAPI_RAND = YES;
				CLANG_ANALYZER_SECURITY_INSECUREAPI_STRCPY = YES;
				CLANG_ANALYZER_SECURITY_INSECUREAPI_UNCHECKEDRETURN = YES;
				CLANG_ANALYZER_SECURITY_INSECUREAPI_VFORK = YES;
				CLANG_ANALYZER_SECURITY_KEYCHAIN_API = YES;
				CLANG_CXX_LANGUAGE_STANDARD = "c++0x";
				CLANG_CXX_LIBRARY = "libc++";
				CLANG_ENABLE_MODULES = YES;
				CLANG_ENABLE_OBJC_ARC = YES;
				CLANG_STATIC_ANALYZER_MODE = deep;
				CLANG_STATIC_ANALYZER_MODE_ON_ANALYZE_ACTION = deep;
				CLANG_WARN_ASSIGN_ENUM = YES;
				CLANG_WARN_BOOL_CONVERSION = YES;
				CLANG_WARN_CONSTANT_CONVERSION = YES;
				CLANG_WARN_CXX0X_EXTENSIONS = YES;
				CLANG_WARN_DEPRECATED_OBJC_IMPLEMENTATIONS = YES;
				CLANG_WARN_DIRECT_OBJC_ISA_USAGE = YES_ERROR;
				CLANG_WARN_DOCUMENTATION_COMMENTS = YES;
				CLANG_WARN_EMPTY_BODY = YES;
				CLANG_WARN_ENUM_CONVERSION = YES;
				CLANG_WARN_IMPLICIT_SIGN_CONVERSION = YES;
				CLANG_WARN_INT_CONVERSION = YES;
				CLANG_WARN_OBJC_EXPLICIT_OWNERSHIP_TYPE = YES;
				CLANG_WARN_OBJC_IMPLICIT_ATOMIC_PROPERTIES = YES;
				CLANG_WARN_OBJC_IMPLICIT_RETAIN_SELF = YES;
				CLANG_WARN_OBJC_MISSING_PROPERTY_SYNTHESIS = YES;
				CLANG_WARN_OBJC_RECEIVER_WEAK = YES;
				CLANG_WARN_OBJC_REPEATED_USE_OF_WEAK = YES;
				CLANG_WARN_OBJC_ROOT_CLASS = YES_ERROR;
				CLANG_WARN_SUSPICIOUS_IMPLICIT_CONVERSION = YES;
				CLANG_WARN_UNREACHABLE_CODE = YES;
				CLANG_WARN__ARC_BRIDGE_CAST_NONARC = YES;
				CLANG_WARN__DUPLICATE_METHOD_MATCH = YES;
				CLANG_WARN__EXIT_TIME_DESTRUCTORS = YES;
				COPY_PHASE_STRIP = NO;
				ENABLE_STRICT_OBJC_MSGSEND = YES;
				GCC_C_LANGUAGE_STANDARD = c99;
				GCC_DYNAMIC_NO_PIC = NO;
				GCC_ENABLE_OBJC_EXCEPTIONS = YES;
				GCC_OPTIMIZATION_LEVEL = s;
				GCC_PREPROCESSOR_DEFINITIONS = (
					"DEBUG=1",
					"$(inherited)",
				);
				GCC_SYMBOLS_PRIVATE_EXTERN = NO;
				GCC_TREAT_IMPLICIT_FUNCTION_DECLARATIONS_AS_ERRORS = YES;
				GCC_TREAT_INCOMPATIBLE_POINTER_TYPE_WARNINGS_AS_ERRORS = YES;
				GCC_TREAT_WARNINGS_AS_ERRORS = YES;
				GCC_WARN_64_TO_32_BIT_CONVERSION = YES;
				"GCC_WARN_64_TO_32_BIT_CONVERSION[arch=*64]" = YES;
				GCC_WARN_ABOUT_DEPRECATED_FUNCTIONS = YES;
				GCC_WARN_ABOUT_INVALID_OFFSETOF_MACRO = YES;
				GCC_WARN_ABOUT_MISSING_FIELD_INITIALIZERS = YES;
				GCC_WARN_ABOUT_MISSING_NEWLINE = YES;
				GCC_WARN_ABOUT_MISSING_PROTOTYPES = YES;
				GCC_WARN_ABOUT_POINTER_SIGNEDNESS = YES;
				GCC_WARN_ABOUT_RETURN_TYPE = YES_ERROR;
				GCC_WARN_ALLOW_INCOMPLETE_PROTOCOL = YES;
				GCC_WARN_CHECK_SWITCH_STATEMENTS = YES;
				GCC_WARN_FOUR_CHARACTER_CONSTANTS = YES;
				GCC_WARN_HIDDEN_VIRTUAL_FUNCTIONS = YES;
				GCC_WARN_INHIBIT_ALL_WARNINGS = NO;
				GCC_WARN_INITIALIZER_NOT_FULLY_BRACKETED = YES;
				GCC_WARN_MISSING_PARENTHESES = YES;
				GCC_WARN_MULTIPLE_DEFINITION_TYPES_FOR_SELECTOR = YES;
				GCC_WARN_NON_VIRTUAL_DESTRUCTOR = YES;
				GCC_WARN_PEDANTIC = YES;
				GCC_WARN_SHADOW = YES;
				GCC_WARN_SIGN_COMPARE = YES;
				GCC_WARN_STRICT_SELECTOR_MATCH = YES;
				GCC_WARN_TYPECHECK_CALLS_TO_PRINTF = YES;
				GCC_WARN_UNDECLARED_SELECTOR = YES;
				GCC_WARN_UNINITIALIZED_AUTOS = YES_AGGRESSIVE;
				GCC_WARN_UNKNOWN_PRAGMAS = YES;
				GCC_WARN_UNUSED_FUNCTION = YES;
				GCC_WARN_UNUSED_LABEL = YES;
				GCC_WARN_UNUSED_PARAMETER = YES;
				GCC_WARN_UNUSED_VALUE = YES;
				GCC_WARN_UNUSED_VARIABLE = YES;
				MACOSX_DEPLOYMENT_TARGET = 10.7;
				ONLY_ACTIVE_ARCH = YES;
				RUN_CLANG_STATIC_ANALYZER = YES;
				SDKROOT = macosx;
				VALID_ARCHS = x86_64;
			};
			name = Debug;
		};
		056C87D618C8B0F8006260B3 /* Release */ = {
			isa = XCBuildConfiguration;
			buildSettings = {
				ALWAYS_SEARCH_USER_PATHS = NO;
				ARCHS = "$(ARCHS_STANDARD)";
				CLANG_ANALYZER_DEADCODE_DEADSTORES = YES;
				CLANG_ANALYZER_GCD = YES;
				CLANG_ANALYZER_MEMORY_MANAGEMENT = YES;
				CLANG_ANALYZER_OBJC_ATSYNC = YES;
				CLANG_ANALYZER_OBJC_COLLECTIONS = YES;
				CLANG_ANALYZER_OBJC_INCOMP_METHOD_TYPES = YES;
				CLANG_ANALYZER_OBJC_NSCFERROR = YES;
				CLANG_ANALYZER_OBJC_RETAIN_COUNT = YES;
				CLANG_ANALYZER_OBJC_SELF_INIT = YES;
				CLANG_ANALYZER_OBJC_UNUSED_IVARS = YES;
				CLANG_ANALYZER_SECURITY_FLOATLOOPCOUNTER = YES;
				CLANG_ANALYZER_SECURITY_INSECUREAPI_GETPW_GETS = YES;
				CLANG_ANALYZER_SECURITY_INSECUREAPI_MKSTEMP = YES;
				CLANG_ANALYZER_SECURITY_INSECUREAPI_RAND = YES;
				CLANG_ANALYZER_SECURITY_INSECUREAPI_STRCPY = YES;
				CLANG_ANALYZER_SECURITY_INSECUREAPI_UNCHECKEDRETURN = YES;
				CLANG_ANALYZER_SECURITY_INSECUREAPI_VFORK = YES;
				CLANG_ANALYZER_SECURITY_KEYCHAIN_API = YES;
				CLANG_CXX_LANGUAGE_STANDARD = "c++0x";
				CLANG_CXX_LIBRARY = "libc++";
				CLANG_ENABLE_MODULES = YES;
				CLANG_ENABLE_OBJC_ARC = YES;
				CLANG_STATIC_ANALYZER_MODE = deep;
				CLANG_STATIC_ANALYZER_MODE_ON_ANALYZE_ACTION = deep;
				CLANG_WARN_ASSIGN_ENUM = YES;
				CLANG_WARN_BOOL_CONVERSION = YES;
				CLANG_WARN_CONSTANT_CONVERSION = YES;
				CLANG_WARN_CXX0X_EXTENSIONS = YES;
				CLANG_WARN_DEPRECATED_OBJC_IMPLEMENTATIONS = YES;
				CLANG_WARN_DIRECT_OBJC_ISA_USAGE = YES_ERROR;
				CLANG_WARN_DOCUMENTATION_COMMENTS = YES;
				CLANG_WARN_EMPTY_BODY = YES;
				CLANG_WARN_ENUM_CONVERSION = YES;
				CLANG_WARN_IMPLICIT_SIGN_CONVERSION = YES;
				CLANG_WARN_INT_CONVERSION = YES;
				CLANG_WARN_OBJC_EXPLICIT_OWNERSHIP_TYPE = YES;
				CLANG_WARN_OBJC_IMPLICIT_ATOMIC_PROPERTIES = YES;
				CLANG_WARN_OBJC_IMPLICIT_RETAIN_SELF = YES;
				CLANG_WARN_OBJC_MISSING_PROPERTY_SYNTHESIS = YES;
				CLANG_WARN_OBJC_RECEIVER_WEAK = YES;
				CLANG_WARN_OBJC_REPEATED_USE_OF_WEAK = YES;
				CLANG_WARN_OBJC_ROOT_CLASS = YES_ERROR;
				CLANG_WARN_SUSPICIOUS_IMPLICIT_CONVERSION = YES;
				CLANG_WARN_UNREACHABLE_CODE = YES;
				CLANG_WARN__ARC_BRIDGE_CAST_NONARC = YES;
				CLANG_WARN__DUPLICATE_METHOD_MATCH = YES;
				CLANG_WARN__EXIT_TIME_DESTRUCTORS = YES;
				COPY_PHASE_STRIP = YES;
				DEBUG_INFORMATION_FORMAT = "dwarf-with-dsym";
				ENABLE_NS_ASSERTIONS = NO;
				ENABLE_STRICT_OBJC_MSGSEND = YES;
				GCC_C_LANGUAGE_STANDARD = c99;
				GCC_ENABLE_OBJC_EXCEPTIONS = YES;
				GCC_OPTIMIZATION_LEVEL = s;
				GCC_TREAT_IMPLICIT_FUNCTION_DECLARATIONS_AS_ERRORS = YES;
				GCC_TREAT_INCOMPATIBLE_POINTER_TYPE_WARNINGS_AS_ERRORS = YES;
				GCC_TREAT_WARNINGS_AS_ERRORS = YES;
				GCC_WARN_64_TO_32_BIT_CONVERSION = YES;
				"GCC_WARN_64_TO_32_BIT_CONVERSION[arch=*64]" = YES;
				GCC_WARN_ABOUT_DEPRECATED_FUNCTIONS = YES;
				GCC_WARN_ABOUT_INVALID_OFFSETOF_MACRO = YES;
				GCC_WARN_ABOUT_MISSING_FIELD_INITIALIZERS = YES;
				GCC_WARN_ABOUT_MISSING_NEWLINE = YES;
				GCC_WARN_ABOUT_MISSING_PROTOTYPES = YES;
				GCC_WARN_ABOUT_POINTER_SIGNEDNESS = YES;
				GCC_WARN_ABOUT_RETURN_TYPE = YES_ERROR;
				GCC_WARN_ALLOW_INCOMPLETE_PROTOCOL = YES;
				GCC_WARN_CHECK_SWITCH_STATEMENTS = YES;
				GCC_WARN_FOUR_CHARACTER_CONSTANTS = YES;
				GCC_WARN_HIDDEN_VIRTUAL_FUNCTIONS = YES;
				GCC_WARN_INHIBIT_ALL_WARNINGS = NO;
				GCC_WARN_INITIALIZER_NOT_FULLY_BRACKETED = YES;
				GCC_WARN_MISSING_PARENTHESES = YES;
				GCC_WARN_MULTIPLE_DEFINITION_TYPES_FOR_SELECTOR = YES;
				GCC_WARN_NON_VIRTUAL_DESTRUCTOR = YES;
				GCC_WARN_PEDANTIC = YES;
				GCC_WARN_SHADOW = YES;
				GCC_WARN_SIGN_COMPARE = YES;
				GCC_WARN_STRICT_SELECTOR_MATCH = YES;
				GCC_WARN_TYPECHECK_CALLS_TO_PRINTF = YES;
				GCC_WARN_UNDECLARED_SELECTOR = YES;
				GCC_WARN_UNINITIALIZED_AUTOS = YES_AGGRESSIVE;
				GCC_WARN_UNKNOWN_PRAGMAS = YES;
				GCC_WARN_UNUSED_FUNCTION = YES;
				GCC_WARN_UNUSED_LABEL = YES;
				GCC_WARN_UNUSED_PARAMETER = YES;
				GCC_WARN_UNUSED_VALUE = YES;
				GCC_WARN_UNUSED_VARIABLE = YES;
				MACOSX_DEPLOYMENT_TARGET = 10.7;
				ONLY_ACTIVE_ARCH = NO;
				RUN_CLANG_STATIC_ANALYZER = YES;
				SDKROOT = macosx;
				VALID_ARCHS = x86_64;
			};
			name = Release;
		};
		056C87D818C8B0F8006260B3 /* Debug */ = {
			isa = XCBuildConfiguration;
			buildSettings = {
				HEADER_SEARCH_PATHS = (
					"$(inherited)",
					"XS-C++/include",
				);
				PRODUCT_NAME = "XS-C++ Example";
			};
			name = Debug;
		};
		056C87D918C8B0F8006260B3 /* Release */ = {
			isa = XCBuildConfiguration;
			buildSettings = {
				HEADER_SEARCH_PATHS = (
					"$(inherited)",
					"XS-C++/include",
				);
				PRODUCT_NAME = "XS-C++ Example";
			};
			name = Release;
		};
		056C881418C8B85F006260B3 /* Debug */ = {
			isa = XCBuildConfiguration;
			buildSettings = {
				COMBINE_HIDPI_IMAGES = YES;
				EXECUTABLE_PREFIX = lib;
				GCC_PRECOMPILE_PREFIX_HEADER = YES;
				GCC_PREFIX_HEADER = "XS-C++/PrefixHeader.pch";
				HEADER_SEARCH_PATHS = (
					"$(inherited)",
					"XS-C++/include",
				);
				PRODUCT_NAME = "XS-C++";
				SKIP_INSTALL = YES;
			};
			name = Debug;
		};
		056C881518C8B85F006260B3 /* Release */ = {
			isa = XCBuildConfiguration;
			buildSettings = {
				COMBINE_HIDPI_IMAGES = YES;
				EXECUTABLE_PREFIX = lib;
				GCC_PRECOMPILE_PREFIX_HEADER = YES;
				GCC_PREFIX_HEADER = "XS-C++/PrefixHeader.pch";
				HEADER_SEARCH_PATHS = (
					"$(inherited)",
					"XS-C++/include",
				);
				PRODUCT_NAME = "XS-C++";
				SKIP_INSTALL = YES;
			};
			name = Release;
		};
		056C884C18C8C547006260B3 /* Debug */ = {
			isa = XCBuildConfiguration;
			buildSettings = {
				COMBINE_HIDPI_IMAGES = YES;
				EXECUTABLE_PREFIX = lib;
				GCC_PRECOMPILE_PREFIX_HEADER = YES;
				GCC_PREFIX_HEADER = "XS-C++/PrefixHeader.pch";
				HEADER_SEARCH_PATHS = (
					"$(inherited)",
					"XS-C++/include",
				);
				PRODUCT_NAME = "XS-C++";
			};
			name = Debug;
		};
		056C884D18C8C547006260B3 /* Release */ = {
			isa = XCBuildConfiguration;
			buildSettings = {
				COMBINE_HIDPI_IMAGES = YES;
				EXECUTABLE_PREFIX = lib;
				GCC_PRECOMPILE_PREFIX_HEADER = YES;
				GCC_PREFIX_HEADER = "XS-C++/PrefixHeader.pch";
				HEADER_SEARCH_PATHS = (
					"$(inherited)",
					"XS-C++/include",
				);
				PRODUCT_NAME = "XS-C++";
			};
			name = Release;
		};
		056C888418C8C76C006260B3 /* Debug */ = {
			isa = XCBuildConfiguration;
			buildSettings = {
				COMBINE_HIDPI_IMAGES = YES;
				DYLIB_COMPATIBILITY_VERSION = 1;
				DYLIB_CURRENT_VERSION = 1;
				FRAMEWORK_VERSION = A;
				GCC_PRECOMPILE_PREFIX_HEADER = YES;
				GCC_PREFIX_HEADER = "XS-C++/PrefixHeader.pch";
				HEADER_SEARCH_PATHS = (
					"$(inherited)",
					"XS-C++/include",
				);
				INFOPLIST_FILE = "XS-C++/Info.plist";
				PRODUCT_NAME = "XS-C++";
				WRAPPER_EXTENSION = framework;
			};
			name = Debug;
		};
		056C888518C8C76C006260B3 /* Release */ = {
			isa = XCBuildConfiguration;
			buildSettings = {
				COMBINE_HIDPI_IMAGES = YES;
				DYLIB_COMPATIBILITY_VERSION = 1;
				DYLIB_CURRENT_VERSION = 1;
				FRAMEWORK_VERSION = A;
				GCC_PRECOMPILE_PREFIX_HEADER = YES;
				GCC_PREFIX_HEADER = "XS-C++/PrefixHeader.pch";
				HEADER_SEARCH_PATHS = (
					"$(inherited)",
					"XS-C++/include",
				);
				INFOPLIST_FILE = "XS-C++/Info.plist";
				PRODUCT_NAME = "XS-C++";
				WRAPPER_EXTENSION = framework;
			};
			name = Release;
		};
		056C88CA18C8C8AD006260B3 /* Debug */ = {
			isa = XCBuildConfiguration;
			buildSettings = {
				ARCHS = "$(ARCHS_STANDARD)";
				DSTROOT = /tmp/CF__.dst;
				GCC_PRECOMPILE_PREFIX_HEADER = YES;
				GCC_PREFIX_HEADER = "XS-C++/PrefixHeader.pch";
				HEADER_SEARCH_PATHS = (
					"$(inherited)",
					"XS-C++/include",
				);
				IPHONEOS_DEPLOYMENT_TARGET = 6.0;
				OTHER_LDFLAGS = "-ObjC";
				PRODUCT_NAME = "XS-C++";
				SDKROOT = iphoneos;
				SKIP_INSTALL = YES;
				VALID_ARCHS = "arm64 armv7 armv7s";
			};
			name = Debug;
		};
		056C88CB18C8C8AD006260B3 /* Release */ = {
			isa = XCBuildConfiguration;
			buildSettings = {
				ARCHS = "$(ARCHS_STANDARD)";
				DSTROOT = /tmp/CF__.dst;
				GCC_PRECOMPILE_PREFIX_HEADER = YES;
				GCC_PREFIX_HEADER = "XS-C++/PrefixHeader.pch";
				HEADER_SEARCH_PATHS = (
					"$(inherited)",
					"XS-C++/include",
				);
				IPHONEOS_DEPLOYMENT_TARGET = 6.0;
				OTHER_LDFLAGS = "-ObjC";
				PRODUCT_NAME = "XS-C++";
				SDKROOT = iphoneos;
				SKIP_INSTALL = YES;
				VALIDATE_PRODUCT = YES;
				VALID_ARCHS = "arm64 armv7 armv7s";
			};
			name = Release;
		};
		05E71B6D1961D9D100F911C4 /* Debug */ = {
			isa = XCBuildConfiguration;
			buildSettings = {
				COMBINE_HIDPI_IMAGES = YES;
				FRAMEWORK_SEARCH_PATHS = (
					"$(DEVELOPER_FRAMEWORKS_DIR)",
					"$(inherited)",
				);
				GCC_PRECOMPILE_PREFIX_HEADER = YES;
				GCC_PREFIX_HEADER = "XS-C++ Tests/PrefixHeader.pch";
				GCC_WARN_PEDANTIC = NO;
				HEADER_SEARCH_PATHS = (
					"$(inherited)",
					"/Applications/Xcode6-Beta2.app/Contents/Developer/Toolchains/XcodeDefault.xctoolchain/usr/include",
					"XS-C++/include",
				);
				INFOPLIST_FILE = "XS-C++ Tests/Info.plist";
				LD_RUNPATH_SEARCH_PATHS = "$(inherited) @executable_path/../Frameworks @loader_path/../Frameworks";
				LIBRARY_SEARCH_PATHS = Libraries/GMock/build/lib/osx;
				METAL_ENABLE_DEBUG_INFO = YES;
				OTHER_LDFLAGS = (
					"-lgmock",
					"-lgtest",
				);
				PRODUCT_NAME = "$(TARGET_NAME)";
				USER_HEADER_SEARCH_PATHS = Libraries/GMock/build/include;
			};
			name = Debug;
		};
		05E71B6E1961D9D100F911C4 /* Release */ = {
			isa = XCBuildConfiguration;
			buildSettings = {
				COMBINE_HIDPI_IMAGES = YES;
				FRAMEWORK_SEARCH_PATHS = (
					"$(DEVELOPER_FRAMEWORKS_DIR)",
					"$(inherited)",
				);
				GCC_PRECOMPILE_PREFIX_HEADER = YES;
				GCC_PREFIX_HEADER = "XS-C++ Tests/PrefixHeader.pch";
				GCC_WARN_PEDANTIC = NO;
				HEADER_SEARCH_PATHS = (
					"$(inherited)",
					"/Applications/Xcode6-Beta2.app/Contents/Developer/Toolchains/XcodeDefault.xctoolchain/usr/include",
					"XS-C++/include",
				);
				INFOPLIST_FILE = "XS-C++ Tests/Info.plist";
				LD_RUNPATH_SEARCH_PATHS = "$(inherited) @executable_path/../Frameworks @loader_path/../Frameworks";
				LIBRARY_SEARCH_PATHS = Libraries/GMock/build/lib/osx;
				METAL_ENABLE_DEBUG_INFO = NO;
				OTHER_LDFLAGS = (
					"-lgmock",
					"-lgtest",
				);
				PRODUCT_NAME = "$(TARGET_NAME)";
				USER_HEADER_SEARCH_PATHS = Libraries/GMock/build/include;
			};
			name = Release;
		};
/* End XCBuildConfiguration section */

/* Begin XCConfigurationList section */
		056C87C918C8B0F8006260B3 /* Build configuration list for PBXProject "XS-C++" */ = {
			isa = XCConfigurationList;
			buildConfigurations = (
				056C87D518C8B0F8006260B3 /* Debug */,
				056C87D618C8B0F8006260B3 /* Release */,
			);
			defaultConfigurationIsVisible = 0;
			defaultConfigurationName = Release;
		};
		056C87D718C8B0F8006260B3 /* Build configuration list for PBXNativeTarget "XS-C++ Example" */ = {
			isa = XCConfigurationList;
			buildConfigurations = (
				056C87D818C8B0F8006260B3 /* Debug */,
				056C87D918C8B0F8006260B3 /* Release */,
			);
			defaultConfigurationIsVisible = 0;
			defaultConfigurationName = Release;
		};
		056C881318C8B85F006260B3 /* Build configuration list for PBXNativeTarget "XS-C++ Mac Static Library" */ = {
			isa = XCConfigurationList;
			buildConfigurations = (
				056C881418C8B85F006260B3 /* Debug */,
				056C881518C8B85F006260B3 /* Release */,
			);
			defaultConfigurationIsVisible = 0;
			defaultConfigurationName = Release;
		};
		056C884B18C8C547006260B3 /* Build configuration list for PBXNativeTarget "XS-C++ Mac Dynamic Library" */ = {
			isa = XCConfigurationList;
			buildConfigurations = (
				056C884C18C8C547006260B3 /* Debug */,
				056C884D18C8C547006260B3 /* Release */,
			);
			defaultConfigurationIsVisible = 0;
			defaultConfigurationName = Release;
		};
		056C888318C8C76C006260B3 /* Build configuration list for PBXNativeTarget "XS-C++ Mac Framework" */ = {
			isa = XCConfigurationList;
			buildConfigurations = (
				056C888418C8C76C006260B3 /* Debug */,
				056C888518C8C76C006260B3 /* Release */,
			);
			defaultConfigurationIsVisible = 0;
			defaultConfigurationName = Release;
		};
		056C88C918C8C8AD006260B3 /* Build configuration list for PBXNativeTarget "XS-C++ iOS Static Library" */ = {
			isa = XCConfigurationList;
			buildConfigurations = (
				056C88CA18C8C8AD006260B3 /* Debug */,
				056C88CB18C8C8AD006260B3 /* Release */,
			);
			defaultConfigurationIsVisible = 0;
			defaultConfigurationName = Release;
		};
		05E71B6C1961D9D100F911C4 /* Build configuration list for PBXNativeTarget "XS-C++ Tests" */ = {
			isa = XCConfigurationList;
			buildConfigurations = (
				05E71B6D1961D9D100F911C4 /* Debug */,
				05E71B6E1961D9D100F911C4 /* Release */,
			);
			defaultConfigurationIsVisible = 0;
			defaultConfigurationName = Release;
		};
/* End XCConfigurationList section */
	};
	rootObject = 056C87C618C8B0F8006260B3 /* Project object */;
}
