// !$*UTF8*$!
{
	archiveVersion = 1;
	classes = {
	};
	objectVersion = 46;
	objects = {

/* Begin PBXBuildFile section */
		0590A5B31A6F08EF00BFF0BF /* XS-Atomic.cpp in Sources */ = {isa = PBXBuildFile; fileRef = 0590A5AA1A6F08EF00BFF0BF /* XS-Atomic.cpp */; };
		0590A5B41A6F08EF00BFF0BF /* XS-Exception.cpp in Sources */ = {isa = PBXBuildFile; fileRef = 0590A5AB1A6F08EF00BFF0BF /* XS-Exception.cpp */; };
		0590A5B51A6F08EF00BFF0BF /* XS-PIMPL-Object.cpp in Sources */ = {isa = PBXBuildFile; fileRef = 0590A5AC1A6F08EF00BFF0BF /* XS-PIMPL-Object.cpp */; };
		0590A5B61A6F08EF00BFF0BF /* XS-Threading-LockGuard.cpp in Sources */ = {isa = PBXBuildFile; fileRef = 0590A5AD1A6F08EF00BFF0BF /* XS-Threading-LockGuard.cpp */; };
		0590A5B71A6F08EF00BFF0BF /* XS-Threading-NativeMutex.cpp in Sources */ = {isa = PBXBuildFile; fileRef = 0590A5AE1A6F08EF00BFF0BF /* XS-Threading-NativeMutex.cpp */; };
		0590A5B81A6F08EF00BFF0BF /* XS-Threading-Semaphore.cpp in Sources */ = {isa = PBXBuildFile; fileRef = 0590A5AF1A6F08EF00BFF0BF /* XS-Threading-Semaphore.cpp */; };
		0590A5B91A6F08EF00BFF0BF /* XS-Threading-STLMutex.cpp in Sources */ = {isa = PBXBuildFile; fileRef = 0590A5B01A6F08EF00BFF0BF /* XS-Threading-STLMutex.cpp */; };
		0590A5BA1A6F08EF00BFF0BF /* XS-ToStringable.cpp in Sources */ = {isa = PBXBuildFile; fileRef = 0590A5B11A6F08EF00BFF0BF /* XS-ToStringable.cpp */; };
		0590A5BB1A6F08EF00BFF0BF /* XS-Version.cpp in Sources */ = {isa = PBXBuildFile; fileRef = 0590A5B21A6F08EF00BFF0BF /* XS-Version.cpp */; };
		05CADA291A69E91E00C9E9DC /* gmock.framework in Frameworks */ = {isa = PBXBuildFile; fileRef = 05CADA1E1A69E7FA00C9E9DC /* gmock.framework */; };
		05CADA2A1A69E91E00C9E9DC /* GoogleMock.framework in Frameworks */ = {isa = PBXBuildFile; fileRef = 05CADA1C1A69E7FA00C9E9DC /* GoogleMock.framework */; };
		05CADA2B1A69E91E00C9E9DC /* gtest.framework in Frameworks */ = {isa = PBXBuildFile; fileRef = 05CADA201A69E7FA00C9E9DC /* gtest.framework */; };
		05DC06DC1A5FACEF00A7CF26 /* XS-C++.h in Headers */ = {isa = PBXBuildFile; fileRef = 05DC06DB1A5FACEF00A7CF26 /* XS-C++.h */; settings = {ATTRIBUTES = (Public, ); }; };
		05DC06DD1A5FACEF00A7CF26 /* XS-C++.h in Headers */ = {isa = PBXBuildFile; fileRef = 05DC06DB1A5FACEF00A7CF26 /* XS-C++.h */; settings = {ATTRIBUTES = (Public, ); }; };
		05DC06E01A5FAD5500A7CF26 /* Macros.h in Headers */ = {isa = PBXBuildFile; fileRef = 05DC06DF1A5FAD5100A7CF26 /* Macros.h */; settings = {ATTRIBUTES = (Public, ); }; };
		05DC06E11A5FAD5500A7CF26 /* Macros.h in Headers */ = {isa = PBXBuildFile; fileRef = 05DC06DF1A5FAD5100A7CF26 /* Macros.h */; settings = {ATTRIBUTES = (Public, ); }; };
		05DC06E31A5FADA300A7CF26 /* Types.h in Headers */ = {isa = PBXBuildFile; fileRef = 05DC06E21A5FADA300A7CF26 /* Types.h */; settings = {ATTRIBUTES = (Public, ); }; };
		05DC06E41A5FADA300A7CF26 /* Types.h in Headers */ = {isa = PBXBuildFile; fileRef = 05DC06E21A5FADA300A7CF26 /* Types.h */; settings = {ATTRIBUTES = (Public, ); }; };
		05DC06EB1A5FB38A00A7CF26 /* Atomic.h in Headers */ = {isa = PBXBuildFile; fileRef = 05DC06EA1A5FB38A00A7CF26 /* Atomic.h */; settings = {ATTRIBUTES = (Public, ); }; };
		05DC06EC1A5FB38A00A7CF26 /* Atomic.h in Headers */ = {isa = PBXBuildFile; fileRef = 05DC06EA1A5FB38A00A7CF26 /* Atomic.h */; settings = {ATTRIBUTES = (Public, ); }; };
		05DC07371A5FC9DB00A7CF26 /* MemoryBarrier.cpp in Sources */ = {isa = PBXBuildFile; fileRef = 05DC07361A5FC9DB00A7CF26 /* MemoryBarrier.cpp */; };
		05DC07381A5FC9DB00A7CF26 /* MemoryBarrier.cpp in Sources */ = {isa = PBXBuildFile; fileRef = 05DC07361A5FC9DB00A7CF26 /* MemoryBarrier.cpp */; };
		05DC07391A5FC9DB00A7CF26 /* MemoryBarrier.cpp in Sources */ = {isa = PBXBuildFile; fileRef = 05DC07361A5FC9DB00A7CF26 /* MemoryBarrier.cpp */; };
		05DC073A1A5FC9DB00A7CF26 /* MemoryBarrier.cpp in Sources */ = {isa = PBXBuildFile; fileRef = 05DC07361A5FC9DB00A7CF26 /* MemoryBarrier.cpp */; };
		05DC073C1A5FCA6800A7CF26 /* Increment32.cpp in Sources */ = {isa = PBXBuildFile; fileRef = 05DC073B1A5FCA6800A7CF26 /* Increment32.cpp */; };
		05DC073D1A5FCA6800A7CF26 /* Increment32.cpp in Sources */ = {isa = PBXBuildFile; fileRef = 05DC073B1A5FCA6800A7CF26 /* Increment32.cpp */; };
		05DC073E1A5FCA6800A7CF26 /* Increment32.cpp in Sources */ = {isa = PBXBuildFile; fileRef = 05DC073B1A5FCA6800A7CF26 /* Increment32.cpp */; };
		05DC073F1A5FCA6800A7CF26 /* Increment32.cpp in Sources */ = {isa = PBXBuildFile; fileRef = 05DC073B1A5FCA6800A7CF26 /* Increment32.cpp */; };
		05DC07411A5FCC1300A7CF26 /* Increment64.cpp in Sources */ = {isa = PBXBuildFile; fileRef = 05DC07401A5FCC1300A7CF26 /* Increment64.cpp */; };
		05DC07421A5FCC1300A7CF26 /* Increment64.cpp in Sources */ = {isa = PBXBuildFile; fileRef = 05DC07401A5FCC1300A7CF26 /* Increment64.cpp */; };
		05DC07431A5FCC1300A7CF26 /* Increment64.cpp in Sources */ = {isa = PBXBuildFile; fileRef = 05DC07401A5FCC1300A7CF26 /* Increment64.cpp */; };
		05DC07441A5FCC1300A7CF26 /* Increment64.cpp in Sources */ = {isa = PBXBuildFile; fileRef = 05DC07401A5FCC1300A7CF26 /* Increment64.cpp */; };
		05DC07461A5FCD4700A7CF26 /* Decrement32.cpp in Sources */ = {isa = PBXBuildFile; fileRef = 05DC07451A5FCD4700A7CF26 /* Decrement32.cpp */; };
		05DC07471A5FCD4700A7CF26 /* Decrement32.cpp in Sources */ = {isa = PBXBuildFile; fileRef = 05DC07451A5FCD4700A7CF26 /* Decrement32.cpp */; };
		05DC07481A5FCD4700A7CF26 /* Decrement32.cpp in Sources */ = {isa = PBXBuildFile; fileRef = 05DC07451A5FCD4700A7CF26 /* Decrement32.cpp */; };
		05DC07491A5FCD4700A7CF26 /* Decrement32.cpp in Sources */ = {isa = PBXBuildFile; fileRef = 05DC07451A5FCD4700A7CF26 /* Decrement32.cpp */; };
		05DC074B1A5FCF2C00A7CF26 /* Decrement64.cpp in Sources */ = {isa = PBXBuildFile; fileRef = 05DC074A1A5FCF2C00A7CF26 /* Decrement64.cpp */; };
		05DC074C1A5FCF2C00A7CF26 /* Decrement64.cpp in Sources */ = {isa = PBXBuildFile; fileRef = 05DC074A1A5FCF2C00A7CF26 /* Decrement64.cpp */; };
		05DC074D1A5FCF2C00A7CF26 /* Decrement64.cpp in Sources */ = {isa = PBXBuildFile; fileRef = 05DC074A1A5FCF2C00A7CF26 /* Decrement64.cpp */; };
		05DC074E1A5FCF2C00A7CF26 /* Decrement64.cpp in Sources */ = {isa = PBXBuildFile; fileRef = 05DC074A1A5FCF2C00A7CF26 /* Decrement64.cpp */; };
		05DC07501A5FCFDE00A7CF26 /* Add32.cpp in Sources */ = {isa = PBXBuildFile; fileRef = 05DC074F1A5FCFDE00A7CF26 /* Add32.cpp */; };
		05DC07511A5FCFDE00A7CF26 /* Add32.cpp in Sources */ = {isa = PBXBuildFile; fileRef = 05DC074F1A5FCFDE00A7CF26 /* Add32.cpp */; };
		05DC07521A5FCFDE00A7CF26 /* Add32.cpp in Sources */ = {isa = PBXBuildFile; fileRef = 05DC074F1A5FCFDE00A7CF26 /* Add32.cpp */; };
		05DC07531A5FCFDE00A7CF26 /* Add32.cpp in Sources */ = {isa = PBXBuildFile; fileRef = 05DC074F1A5FCFDE00A7CF26 /* Add32.cpp */; };
		05DC07551A5FD06400A7CF26 /* Add64.cpp in Sources */ = {isa = PBXBuildFile; fileRef = 05DC07541A5FD06400A7CF26 /* Add64.cpp */; };
		05DC07561A5FD06400A7CF26 /* Add64.cpp in Sources */ = {isa = PBXBuildFile; fileRef = 05DC07541A5FD06400A7CF26 /* Add64.cpp */; };
		05DC07571A5FD06400A7CF26 /* Add64.cpp in Sources */ = {isa = PBXBuildFile; fileRef = 05DC07541A5FD06400A7CF26 /* Add64.cpp */; };
		05DC07581A5FD06400A7CF26 /* Add64.cpp in Sources */ = {isa = PBXBuildFile; fileRef = 05DC07541A5FD06400A7CF26 /* Add64.cpp */; };
		05DC075A1A5FD16B00A7CF26 /* CompareAndSwap32.cpp in Sources */ = {isa = PBXBuildFile; fileRef = 05DC07591A5FD16B00A7CF26 /* CompareAndSwap32.cpp */; };
		05DC075B1A5FD16B00A7CF26 /* CompareAndSwap32.cpp in Sources */ = {isa = PBXBuildFile; fileRef = 05DC07591A5FD16B00A7CF26 /* CompareAndSwap32.cpp */; };
		05DC075C1A5FD16B00A7CF26 /* CompareAndSwap32.cpp in Sources */ = {isa = PBXBuildFile; fileRef = 05DC07591A5FD16B00A7CF26 /* CompareAndSwap32.cpp */; };
		05DC075D1A5FD16B00A7CF26 /* CompareAndSwap32.cpp in Sources */ = {isa = PBXBuildFile; fileRef = 05DC07591A5FD16B00A7CF26 /* CompareAndSwap32.cpp */; };
		05DC075F1A5FD28B00A7CF26 /* CompareAndSwap64.cpp in Sources */ = {isa = PBXBuildFile; fileRef = 05DC075E1A5FD28B00A7CF26 /* CompareAndSwap64.cpp */; };
		05DC07601A5FD28B00A7CF26 /* CompareAndSwap64.cpp in Sources */ = {isa = PBXBuildFile; fileRef = 05DC075E1A5FD28B00A7CF26 /* CompareAndSwap64.cpp */; };
		05DC07611A5FD28B00A7CF26 /* CompareAndSwap64.cpp in Sources */ = {isa = PBXBuildFile; fileRef = 05DC075E1A5FD28B00A7CF26 /* CompareAndSwap64.cpp */; };
		05DC07621A5FD28B00A7CF26 /* CompareAndSwap64.cpp in Sources */ = {isa = PBXBuildFile; fileRef = 05DC075E1A5FD28B00A7CF26 /* CompareAndSwap64.cpp */; };
		05DC07641A5FD39A00A7CF26 /* CompareAndSwapPointer.cpp in Sources */ = {isa = PBXBuildFile; fileRef = 05DC07631A5FD39A00A7CF26 /* CompareAndSwapPointer.cpp */; };
		05DC07651A5FD39A00A7CF26 /* CompareAndSwapPointer.cpp in Sources */ = {isa = PBXBuildFile; fileRef = 05DC07631A5FD39A00A7CF26 /* CompareAndSwapPointer.cpp */; };
		05DC07661A5FD39A00A7CF26 /* CompareAndSwapPointer.cpp in Sources */ = {isa = PBXBuildFile; fileRef = 05DC07631A5FD39A00A7CF26 /* CompareAndSwapPointer.cpp */; };
		05DC07671A5FD39A00A7CF26 /* CompareAndSwapPointer.cpp in Sources */ = {isa = PBXBuildFile; fileRef = 05DC07631A5FD39A00A7CF26 /* CompareAndSwapPointer.cpp */; };
		05DC076B1A5FD86F00A7CF26 /* PIMPL in Headers */ = {isa = PBXBuildFile; fileRef = 05DC076A1A5FD86200A7CF26 /* PIMPL */; settings = {ATTRIBUTES = (Public, ); }; };
		05DC076C1A5FD8AF00A7CF26 /* PIMPL in Headers */ = {isa = PBXBuildFile; fileRef = 05DC076A1A5FD86200A7CF26 /* PIMPL */; settings = {ATTRIBUTES = (Public, ); }; };
		05DC07701A5FF68800A7CF26 /* Version.h in Headers */ = {isa = PBXBuildFile; fileRef = 05DC076F1A5FF68200A7CF26 /* Version.h */; settings = {ATTRIBUTES = (Public, ); }; };
		05DC07711A5FF68900A7CF26 /* Version.h in Headers */ = {isa = PBXBuildFile; fileRef = 05DC076F1A5FF68200A7CF26 /* Version.h */; settings = {ATTRIBUTES = (Public, ); }; };
		05DC07731A5FF6A300A7CF26 /* Version.cpp in Sources */ = {isa = PBXBuildFile; fileRef = 05DC07721A5FF6A300A7CF26 /* Version.cpp */; };
		05DC07741A5FF6A300A7CF26 /* Version.cpp in Sources */ = {isa = PBXBuildFile; fileRef = 05DC07721A5FF6A300A7CF26 /* Version.cpp */; };
		05DC07751A5FF6A300A7CF26 /* Version.cpp in Sources */ = {isa = PBXBuildFile; fileRef = 05DC07721A5FF6A300A7CF26 /* Version.cpp */; };
		05DC07761A5FF6A300A7CF26 /* Version.cpp in Sources */ = {isa = PBXBuildFile; fileRef = 05DC07721A5FF6A300A7CF26 /* Version.cpp */; };
		05DC077B1A600EFC00A7CF26 /* Threading in Headers */ = {isa = PBXBuildFile; fileRef = 05DC07791A600EE500A7CF26 /* Threading */; settings = {ATTRIBUTES = (Public, ); }; };
		05DC077C1A600F0300A7CF26 /* Threading in Headers */ = {isa = PBXBuildFile; fileRef = 05DC07791A600EE500A7CF26 /* Threading */; settings = {ATTRIBUTES = (Public, ); }; };
		05DC077F1A600F9400A7CF26 /* STLMutex.cpp in Sources */ = {isa = PBXBuildFile; fileRef = 05DC077E1A600F9400A7CF26 /* STLMutex.cpp */; };
		05DC07801A600F9400A7CF26 /* STLMutex.cpp in Sources */ = {isa = PBXBuildFile; fileRef = 05DC077E1A600F9400A7CF26 /* STLMutex.cpp */; };
		05DC07811A600F9400A7CF26 /* STLMutex.cpp in Sources */ = {isa = PBXBuildFile; fileRef = 05DC077E1A600F9400A7CF26 /* STLMutex.cpp */; };
		05DC07821A600F9400A7CF26 /* STLMutex.cpp in Sources */ = {isa = PBXBuildFile; fileRef = 05DC077E1A600F9400A7CF26 /* STLMutex.cpp */; };
		05DC078D1A6031D300A7CF26 /* NativeMutex.cpp in Sources */ = {isa = PBXBuildFile; fileRef = 05DC078C1A6031D300A7CF26 /* NativeMutex.cpp */; };
		05DC078E1A6031D300A7CF26 /* NativeMutex.cpp in Sources */ = {isa = PBXBuildFile; fileRef = 05DC078C1A6031D300A7CF26 /* NativeMutex.cpp */; };
		05DC078F1A6031D300A7CF26 /* NativeMutex.cpp in Sources */ = {isa = PBXBuildFile; fileRef = 05DC078C1A6031D300A7CF26 /* NativeMutex.cpp */; };
		05DC07901A6031D300A7CF26 /* NativeMutex.cpp in Sources */ = {isa = PBXBuildFile; fileRef = 05DC078C1A6031D300A7CF26 /* NativeMutex.cpp */; };
		05DC07961A603CF900A7CF26 /* LockGuard.cpp in Sources */ = {isa = PBXBuildFile; fileRef = 05DC07951A603CF900A7CF26 /* LockGuard.cpp */; };
		05DC07971A603CF900A7CF26 /* LockGuard.cpp in Sources */ = {isa = PBXBuildFile; fileRef = 05DC07951A603CF900A7CF26 /* LockGuard.cpp */; };
		05DC07981A603CF900A7CF26 /* LockGuard.cpp in Sources */ = {isa = PBXBuildFile; fileRef = 05DC07951A603CF900A7CF26 /* LockGuard.cpp */; };
		05DC07991A603CF900A7CF26 /* LockGuard.cpp in Sources */ = {isa = PBXBuildFile; fileRef = 05DC07951A603CF900A7CF26 /* LockGuard.cpp */; };
		05DC079D1A61465400A7CF26 /* Exception.h in Headers */ = {isa = PBXBuildFile; fileRef = 05DC079C1A61465400A7CF26 /* Exception.h */; settings = {ATTRIBUTES = (Public, ); }; };
		05DC079E1A61465400A7CF26 /* Exception.h in Headers */ = {isa = PBXBuildFile; fileRef = 05DC079C1A61465400A7CF26 /* Exception.h */; settings = {ATTRIBUTES = (Public, ); }; };
		05DC07A01A61466A00A7CF26 /* Exception.cpp in Sources */ = {isa = PBXBuildFile; fileRef = 05DC079F1A61466A00A7CF26 /* Exception.cpp */; };
		05DC07A11A61466A00A7CF26 /* Exception.cpp in Sources */ = {isa = PBXBuildFile; fileRef = 05DC079F1A61466A00A7CF26 /* Exception.cpp */; };
		05DC07A21A61466A00A7CF26 /* Exception.cpp in Sources */ = {isa = PBXBuildFile; fileRef = 05DC079F1A61466A00A7CF26 /* Exception.cpp */; };
		05DC07A31A61466A00A7CF26 /* Exception.cpp in Sources */ = {isa = PBXBuildFile; fileRef = 05DC079F1A61466A00A7CF26 /* Exception.cpp */; };
		05DC07A41A61466A00A7CF26 /* Exception.cpp in Sources */ = {isa = PBXBuildFile; fileRef = 05DC079F1A61466A00A7CF26 /* Exception.cpp */; };
		05DC07A61A61489300A7CF26 /* ToStringable.h in Headers */ = {isa = PBXBuildFile; fileRef = 05DC07A51A61489300A7CF26 /* ToStringable.h */; settings = {ATTRIBUTES = (Public, ); }; };
		05DC07A71A61489300A7CF26 /* ToStringable.h in Headers */ = {isa = PBXBuildFile; fileRef = 05DC07A51A61489300A7CF26 /* ToStringable.h */; settings = {ATTRIBUTES = (Public, ); }; };
		05DC07A91A6149A700A7CF26 /* ToStringable.cpp in Sources */ = {isa = PBXBuildFile; fileRef = 05DC07A81A6149A700A7CF26 /* ToStringable.cpp */; };
		05DC07AA1A6149A700A7CF26 /* ToStringable.cpp in Sources */ = {isa = PBXBuildFile; fileRef = 05DC07A81A6149A700A7CF26 /* ToStringable.cpp */; };
		05DC07AB1A6149A700A7CF26 /* ToStringable.cpp in Sources */ = {isa = PBXBuildFile; fileRef = 05DC07A81A6149A700A7CF26 /* ToStringable.cpp */; };
		05DC07AC1A6149A700A7CF26 /* ToStringable.cpp in Sources */ = {isa = PBXBuildFile; fileRef = 05DC07A81A6149A700A7CF26 /* ToStringable.cpp */; };
		05E71B691961D9D100F911C4 /* libXS-C++.a in Frameworks */ = {isa = PBXBuildFile; fileRef = 056C881218C8B85F006260B3 /* libXS-C++.a */; };
		05FFA3901A6992E8006E1B9B /* Semaphore.cpp in Sources */ = {isa = PBXBuildFile; fileRef = 05FFA38F1A6992E8006E1B9B /* Semaphore.cpp */; };
		05FFA3911A6992E8006E1B9B /* Semaphore.cpp in Sources */ = {isa = PBXBuildFile; fileRef = 05FFA38F1A6992E8006E1B9B /* Semaphore.cpp */; };
		05FFA3921A6992E8006E1B9B /* Semaphore.cpp in Sources */ = {isa = PBXBuildFile; fileRef = 05FFA38F1A6992E8006E1B9B /* Semaphore.cpp */; };
		05FFA3931A6992E8006E1B9B /* Semaphore.cpp in Sources */ = {isa = PBXBuildFile; fileRef = 05FFA38F1A6992E8006E1B9B /* Semaphore.cpp */; };
/* End PBXBuildFile section */

/* Begin PBXContainerItemProxy section */
		05169CA01962ACD80082861C /* PBXContainerItemProxy */ = {
			isa = PBXContainerItemProxy;
			containerPortal = 056C87C618C8B0F8006260B3 /* Project object */;
			proxyType = 1;
			remoteGlobalIDString = 056C881118C8B85F006260B3;
			remoteInfo = "CF++ Mac Static Library";
		};
		05169CA21962ACD80082861C /* PBXContainerItemProxy */ = {
			isa = PBXContainerItemProxy;
			containerPortal = 056C87C618C8B0F8006260B3 /* Project object */;
			proxyType = 1;
			remoteGlobalIDString = 056C881118C8B85F006260B3;
			remoteInfo = "CF++ Mac Static Library";
		};
		05CADA1B1A69E7FA00C9E9DC /* PBXContainerItemProxy */ = {
			isa = PBXContainerItemProxy;
			containerPortal = 05FFA3701A696E75006E1B9B /* GoogleMock.xcodeproj */;
			proxyType = 2;
			remoteGlobalIDString = 05818F861A685AEA0072A469;
			remoteInfo = GoogleMock;
		};
		05CADA1D1A69E7FA00C9E9DC /* PBXContainerItemProxy */ = {
			isa = PBXContainerItemProxy;
			containerPortal = 05FFA3701A696E75006E1B9B /* GoogleMock.xcodeproj */;
			proxyType = 2;
			remoteGlobalIDString = 05E96ABD1A68600C00204102;
			remoteInfo = gmock;
		};
		05CADA1F1A69E7FA00C9E9DC /* PBXContainerItemProxy */ = {
			isa = PBXContainerItemProxy;
			containerPortal = 05FFA3701A696E75006E1B9B /* GoogleMock.xcodeproj */;
			proxyType = 2;
			remoteGlobalIDString = 05E96B1F1A68634900204102;
			remoteInfo = gtest;
		};
		05CADA211A69E7FA00C9E9DC /* PBXContainerItemProxy */ = {
			isa = PBXContainerItemProxy;
			containerPortal = 05FFA3701A696E75006E1B9B /* GoogleMock.xcodeproj */;
			proxyType = 2;
			remoteGlobalIDString = 05818F901A685AEA0072A469;
			remoteInfo = GoogleMockTests;
		};
		05CADA231A69E91800C9E9DC /* PBXContainerItemProxy */ = {
			isa = PBXContainerItemProxy;
			containerPortal = 05FFA3701A696E75006E1B9B /* GoogleMock.xcodeproj */;
			proxyType = 1;
			remoteGlobalIDString = 05818F851A685AEA0072A469;
			remoteInfo = GoogleMock;
		};
		05CADA251A69E91800C9E9DC /* PBXContainerItemProxy */ = {
			isa = PBXContainerItemProxy;
			containerPortal = 05FFA3701A696E75006E1B9B /* GoogleMock.xcodeproj */;
			proxyType = 1;
			remoteGlobalIDString = 05E96AAE1A68600C00204102;
			remoteInfo = gmock;
		};
		05CADA271A69E91800C9E9DC /* PBXContainerItemProxy */ = {
			isa = PBXContainerItemProxy;
			containerPortal = 05FFA3701A696E75006E1B9B /* GoogleMock.xcodeproj */;
			proxyType = 1;
			remoteGlobalIDString = 05E96B0A1A68634900204102;
			remoteInfo = gtest;
		};
		05E71B6A1961D9D100F911C4 /* PBXContainerItemProxy */ = {
			isa = PBXContainerItemProxy;
			containerPortal = 056C87C618C8B0F8006260B3 /* Project object */;
			proxyType = 1;
			remoteGlobalIDString = 056C881118C8B85F006260B3;
			remoteInfo = "CF++ Mac Static Library";
		};
/* End PBXContainerItemProxy section */

/* Begin PBXCopyFilesBuildPhase section */
		056C88A818C8C8AC006260B3 /* CopyFiles */ = {
			isa = PBXCopyFilesBuildPhase;
			buildActionMask = 2147483647;
			dstPath = "include/$(PRODUCT_NAME)";
			dstSubfolderSpec = 16;
			files = (
			);
			runOnlyForDeploymentPostprocessing = 0;
		};
/* End PBXCopyFilesBuildPhase section */

/* Begin PBXFileReference section */
		051F09651946EB70004B6E47 /* README.md */ = {isa = PBXFileReference; lastKnownFileType = net.daringfireball.markdown; name = README.md; path = ../../README.md; sourceTree = "<group>"; };
		054511EF1A6A0ACA002B8F92 /* Makefile */ = {isa = PBXFileReference; lastKnownFileType = sourcecode.make; name = Makefile; path = ../../Makefile; sourceTree = "<group>"; };
		056C881218C8B85F006260B3 /* libXS-C++.a */ = {isa = PBXFileReference; explicitFileType = archive.ar; includeInIndex = 0; path = "libXS-C++.a"; sourceTree = BUILT_PRODUCTS_DIR; };
		056C884A18C8C547006260B3 /* libXS-C++.dylib */ = {isa = PBXFileReference; explicitFileType = "compiled.mach-o.dylib"; includeInIndex = 0; path = "libXS-C++.dylib"; sourceTree = BUILT_PRODUCTS_DIR; };
		056C885F18C8C76B006260B3 /* XS-C++.framework */ = {isa = PBXFileReference; explicitFileType = wrapper.framework; includeInIndex = 0; path = "XS-C++.framework"; sourceTree = BUILT_PRODUCTS_DIR; };
		056C88AA18C8C8AC006260B3 /* libXS-C++.a */ = {isa = PBXFileReference; explicitFileType = archive.ar; includeInIndex = 0; path = "libXS-C++.a"; sourceTree = BUILT_PRODUCTS_DIR; };
		0590A5AA1A6F08EF00BFF0BF /* XS-Atomic.cpp */ = {isa = PBXFileReference; fileEncoding = 4; lastKnownFileType = sourcecode.cpp.cpp; path = "XS-Atomic.cpp"; sourceTree = "<group>"; };
		0590A5AB1A6F08EF00BFF0BF /* XS-Exception.cpp */ = {isa = PBXFileReference; fileEncoding = 4; lastKnownFileType = sourcecode.cpp.cpp; path = "XS-Exception.cpp"; sourceTree = "<group>"; };
		0590A5AC1A6F08EF00BFF0BF /* XS-PIMPL-Object.cpp */ = {isa = PBXFileReference; fileEncoding = 4; lastKnownFileType = sourcecode.cpp.cpp; path = "XS-PIMPL-Object.cpp"; sourceTree = "<group>"; };
		0590A5AD1A6F08EF00BFF0BF /* XS-Threading-LockGuard.cpp */ = {isa = PBXFileReference; fileEncoding = 4; lastKnownFileType = sourcecode.cpp.cpp; path = "XS-Threading-LockGuard.cpp"; sourceTree = "<group>"; };
		0590A5AE1A6F08EF00BFF0BF /* XS-Threading-NativeMutex.cpp */ = {isa = PBXFileReference; fileEncoding = 4; lastKnownFileType = sourcecode.cpp.cpp; path = "XS-Threading-NativeMutex.cpp"; sourceTree = "<group>"; };
		0590A5AF1A6F08EF00BFF0BF /* XS-Threading-Semaphore.cpp */ = {isa = PBXFileReference; fileEncoding = 4; lastKnownFileType = sourcecode.cpp.cpp; path = "XS-Threading-Semaphore.cpp"; sourceTree = "<group>"; };
		0590A5B01A6F08EF00BFF0BF /* XS-Threading-STLMutex.cpp */ = {isa = PBXFileReference; fileEncoding = 4; lastKnownFileType = sourcecode.cpp.cpp; path = "XS-Threading-STLMutex.cpp"; sourceTree = "<group>"; };
		0590A5B11A6F08EF00BFF0BF /* XS-ToStringable.cpp */ = {isa = PBXFileReference; fileEncoding = 4; lastKnownFileType = sourcecode.cpp.cpp; path = "XS-ToStringable.cpp"; sourceTree = "<group>"; };
		0590A5B21A6F08EF00BFF0BF /* XS-Version.cpp */ = {isa = PBXFileReference; fileEncoding = 4; lastKnownFileType = sourcecode.cpp.cpp; path = "XS-Version.cpp"; sourceTree = "<group>"; };
		0590A5F41A72B53600BFF0BF /* travis-linux-after.sh */ = {isa = PBXFileReference; lastKnownFileType = text.script.sh; path = "travis-linux-after.sh"; sourceTree = "<group>"; };
		0590A5F51A72B53600BFF0BF /* travis-linux-before.sh */ = {isa = PBXFileReference; lastKnownFileType = text.script.sh; path = "travis-linux-before.sh"; sourceTree = "<group>"; };
		0590A5F61A72B53600BFF0BF /* travis-osx-after.sh */ = {isa = PBXFileReference; lastKnownFileType = text.script.sh; path = "travis-osx-after.sh"; sourceTree = "<group>"; };
		0590A5F71A72B53600BFF0BF /* travis-osx-before.sh */ = {isa = PBXFileReference; lastKnownFileType = text.script.sh; path = "travis-osx-before.sh"; sourceTree = "<group>"; };
		0590A5F81A72B6CA00BFF0BF /* GMock-Main.cpp */ = {isa = PBXFileReference; fileEncoding = 4; lastKnownFileType = sourcecode.cpp.cpp; path = "GMock-Main.cpp"; sourceTree = "<group>"; };
		05BDE00A18CDB2450028F339 /* Clang-Warnings.h */ = {isa = PBXFileReference; lastKnownFileType = sourcecode.c.h; path = "Clang-Warnings.h"; sourceTree = "<group>"; };
		05BDE01818CDB2450028F339 /* Info.plist */ = {isa = PBXFileReference; lastKnownFileType = text.plist.xml; path = Info.plist; sourceTree = "<group>"; };
		05BDE01918CDB2450028F339 /* PrefixHeader.pch */ = {isa = PBXFileReference; lastKnownFileType = sourcecode.c.h; path = PrefixHeader.pch; sourceTree = "<group>"; };
		05CADA111A69DD0F00C9E9DC /* Semaphore-APPLE.cpp */ = {isa = PBXFileReference; lastKnownFileType = sourcecode.cpp.cpp; path = "Semaphore-APPLE.cpp"; sourceTree = "<group>"; };
		05CADA121A69DD0F00C9E9DC /* Semaphore-POSIX.cpp */ = {isa = PBXFileReference; lastKnownFileType = sourcecode.cpp.cpp; path = "Semaphore-POSIX.cpp"; sourceTree = "<group>"; };
		05CADA131A69DD0F00C9E9DC /* Semaphore-WIN32.cpp */ = {isa = PBXFileReference; lastKnownFileType = sourcecode.cpp.cpp; path = "Semaphore-WIN32.cpp"; sourceTree = "<group>"; };
		05DC06DB1A5FACEF00A7CF26 /* XS-C++.h */ = {isa = PBXFileReference; fileEncoding = 4; lastKnownFileType = sourcecode.c.h; path = "XS-C++.h"; sourceTree = "<group>"; };
		05DC06DF1A5FAD5100A7CF26 /* Macros.h */ = {isa = PBXFileReference; lastKnownFileType = sourcecode.c.h; path = Macros.h; sourceTree = "<group>"; };
		05DC06E21A5FADA300A7CF26 /* Types.h */ = {isa = PBXFileReference; fileEncoding = 4; lastKnownFileType = sourcecode.c.h; path = Types.h; sourceTree = "<group>"; };
		05DC06EA1A5FB38A00A7CF26 /* Atomic.h */ = {isa = PBXFileReference; fileEncoding = 4; lastKnownFileType = sourcecode.c.h; path = Atomic.h; sourceTree = "<group>"; };
		05DC07361A5FC9DB00A7CF26 /* MemoryBarrier.cpp */ = {isa = PBXFileReference; fileEncoding = 4; lastKnownFileType = sourcecode.cpp.cpp; path = MemoryBarrier.cpp; sourceTree = "<group>"; };
		05DC073B1A5FCA6800A7CF26 /* Increment32.cpp */ = {isa = PBXFileReference; fileEncoding = 4; lastKnownFileType = sourcecode.cpp.cpp; path = Increment32.cpp; sourceTree = "<group>"; };
		05DC07401A5FCC1300A7CF26 /* Increment64.cpp */ = {isa = PBXFileReference; fileEncoding = 4; lastKnownFileType = sourcecode.cpp.cpp; path = Increment64.cpp; sourceTree = "<group>"; };
		05DC07451A5FCD4700A7CF26 /* Decrement32.cpp */ = {isa = PBXFileReference; fileEncoding = 4; lastKnownFileType = sourcecode.cpp.cpp; path = Decrement32.cpp; sourceTree = "<group>"; };
		05DC074A1A5FCF2C00A7CF26 /* Decrement64.cpp */ = {isa = PBXFileReference; fileEncoding = 4; lastKnownFileType = sourcecode.cpp.cpp; path = Decrement64.cpp; sourceTree = "<group>"; };
		05DC074F1A5FCFDE00A7CF26 /* Add32.cpp */ = {isa = PBXFileReference; fileEncoding = 4; lastKnownFileType = sourcecode.cpp.cpp; path = Add32.cpp; sourceTree = "<group>"; };
		05DC07541A5FD06400A7CF26 /* Add64.cpp */ = {isa = PBXFileReference; fileEncoding = 4; lastKnownFileType = sourcecode.cpp.cpp; path = Add64.cpp; sourceTree = "<group>"; };
		05DC07591A5FD16B00A7CF26 /* CompareAndSwap32.cpp */ = {isa = PBXFileReference; fileEncoding = 4; lastKnownFileType = sourcecode.cpp.cpp; path = CompareAndSwap32.cpp; sourceTree = "<group>"; };
		05DC075E1A5FD28B00A7CF26 /* CompareAndSwap64.cpp */ = {isa = PBXFileReference; fileEncoding = 4; lastKnownFileType = sourcecode.cpp.cpp; path = CompareAndSwap64.cpp; sourceTree = "<group>"; };
		05DC07631A5FD39A00A7CF26 /* CompareAndSwapPointer.cpp */ = {isa = PBXFileReference; fileEncoding = 4; lastKnownFileType = sourcecode.cpp.cpp; path = CompareAndSwapPointer.cpp; sourceTree = "<group>"; };
		05DC076A1A5FD86200A7CF26 /* PIMPL */ = {isa = PBXFileReference; lastKnownFileType = folder; path = PIMPL; sourceTree = "<group>"; };
		05DC076F1A5FF68200A7CF26 /* Version.h */ = {isa = PBXFileReference; lastKnownFileType = sourcecode.c.h; path = Version.h; sourceTree = "<group>"; };
		05DC07721A5FF6A300A7CF26 /* Version.cpp */ = {isa = PBXFileReference; fileEncoding = 4; lastKnownFileType = sourcecode.cpp.cpp; path = Version.cpp; sourceTree = "<group>"; };
		05DC07791A600EE500A7CF26 /* Threading */ = {isa = PBXFileReference; lastKnownFileType = folder; path = Threading; sourceTree = "<group>"; };
		05DC077E1A600F9400A7CF26 /* STLMutex.cpp */ = {isa = PBXFileReference; fileEncoding = 4; lastKnownFileType = sourcecode.cpp.cpp; path = STLMutex.cpp; sourceTree = "<group>"; };
		05DC078C1A6031D300A7CF26 /* NativeMutex.cpp */ = {isa = PBXFileReference; fileEncoding = 4; lastKnownFileType = sourcecode.cpp.cpp; path = NativeMutex.cpp; sourceTree = "<group>"; };
		05DC07911A60326100A7CF26 /* NativeMutex-POSIX.cpp */ = {isa = PBXFileReference; lastKnownFileType = sourcecode.cpp.cpp; path = "NativeMutex-POSIX.cpp"; sourceTree = "<group>"; };
		05DC07921A60326100A7CF26 /* NativeMutex-WIN32.cpp */ = {isa = PBXFileReference; lastKnownFileType = sourcecode.cpp.cpp; path = "NativeMutex-WIN32.cpp"; sourceTree = "<group>"; };
		05DC07951A603CF900A7CF26 /* LockGuard.cpp */ = {isa = PBXFileReference; fileEncoding = 4; lastKnownFileType = sourcecode.cpp.cpp; path = LockGuard.cpp; sourceTree = "<group>"; };
		05DC079C1A61465400A7CF26 /* Exception.h */ = {isa = PBXFileReference; fileEncoding = 4; lastKnownFileType = sourcecode.c.h; path = Exception.h; sourceTree = "<group>"; };
		05DC079F1A61466A00A7CF26 /* Exception.cpp */ = {isa = PBXFileReference; fileEncoding = 4; lastKnownFileType = sourcecode.cpp.cpp; path = Exception.cpp; sourceTree = "<group>"; };
		05DC07A51A61489300A7CF26 /* ToStringable.h */ = {isa = PBXFileReference; fileEncoding = 4; lastKnownFileType = sourcecode.c.h; path = ToStringable.h; sourceTree = "<group>"; };
		05DC07A81A6149A700A7CF26 /* ToStringable.cpp */ = {isa = PBXFileReference; fileEncoding = 4; lastKnownFileType = sourcecode.cpp.cpp; path = ToStringable.cpp; sourceTree = "<group>"; };
		05E71B631961D9D100F911C4 /* XS-C++ Tests.xctest */ = {isa = PBXFileReference; explicitFileType = wrapper.cfbundle; includeInIndex = 0; path = "XS-C++ Tests.xctest"; sourceTree = BUILT_PRODUCTS_DIR; };
		05E71B711961DA1100F911C4 /* Info.plist */ = {isa = PBXFileReference; fileEncoding = 4; lastKnownFileType = text.plist.xml; path = Info.plist; sourceTree = "<group>"; };
		05FFA3701A696E75006E1B9B /* GoogleMock.xcodeproj */ = {isa = PBXFileReference; lastKnownFileType = "wrapper.pb-project"; name = GoogleMock.xcodeproj; path = "../../Submodules/gmock-xcode/GoogleMock.xcodeproj"; sourceTree = "<group>"; };
		05FFA38F1A6992E8006E1B9B /* Semaphore.cpp */ = {isa = PBXFileReference; fileEncoding = 4; lastKnownFileType = sourcecode.cpp.cpp; path = Semaphore.cpp; sourceTree = "<group>"; };
/* End PBXFileReference section */

/* Begin PBXFrameworksBuildPhase section */
		056C880F18C8B85F006260B3 /* Frameworks */ = {
			isa = PBXFrameworksBuildPhase;
			buildActionMask = 2147483647;
			files = (
			);
			runOnlyForDeploymentPostprocessing = 0;
		};
		056C884718C8C547006260B3 /* Frameworks */ = {
			isa = PBXFrameworksBuildPhase;
			buildActionMask = 2147483647;
			files = (
			);
			runOnlyForDeploymentPostprocessing = 0;
		};
		056C885B18C8C76B006260B3 /* Frameworks */ = {
			isa = PBXFrameworksBuildPhase;
			buildActionMask = 2147483647;
			files = (
			);
			runOnlyForDeploymentPostprocessing = 0;
		};
		056C88A718C8C8AC006260B3 /* Frameworks */ = {
			isa = PBXFrameworksBuildPhase;
			buildActionMask = 2147483647;
			files = (
			);
			runOnlyForDeploymentPostprocessing = 0;
		};
		05E71B601961D9D100F911C4 /* Frameworks */ = {
			isa = PBXFrameworksBuildPhase;
			buildActionMask = 2147483647;
			files = (
				05CADA2A1A69E91E00C9E9DC /* GoogleMock.framework in Frameworks */,
				05CADA291A69E91E00C9E9DC /* gmock.framework in Frameworks */,
				05CADA2B1A69E91E00C9E9DC /* gtest.framework in Frameworks */,
				05E71B691961D9D100F911C4 /* libXS-C++.a in Frameworks */,
			);
			runOnlyForDeploymentPostprocessing = 0;
		};
/* End PBXFrameworksBuildPhase section */

/* Begin PBXGroup section */
		054511F11A6A0AFF002B8F92 /* Scripts */ = {
			isa = PBXGroup;
			children = (
				0590A5F41A72B53600BFF0BF /* travis-linux-after.sh */,
				0590A5F51A72B53600BFF0BF /* travis-linux-before.sh */,
				0590A5F61A72B53600BFF0BF /* travis-osx-after.sh */,
				0590A5F71A72B53600BFF0BF /* travis-osx-before.sh */,
			);
			name = Scripts;
			path = ../../Scripts;
			sourceTree = "<group>";
		};
		056C87C518C8B0F8006260B3 = {
			isa = PBXGroup;
			children = (
				05FFA3701A696E75006E1B9B /* GoogleMock.xcodeproj */,
				054511EF1A6A0ACA002B8F92 /* Makefile */,
				054511F11A6A0AFF002B8F92 /* Scripts */,
				051F09651946EB70004B6E47 /* README.md */,
				05BDE00918CDB2450028F339 /* XS-C++ */,
				05E71B6F1961DA1100F911C4 /* Unit-Tests */,
				056C880D18C8B50E006260B3 /* Frameworks */,
				056C87CF18C8B0F8006260B3 /* Products */,
			);
			sourceTree = "<group>";
		};
		056C87CF18C8B0F8006260B3 /* Products */ = {
			isa = PBXGroup;
			children = (
				056C881218C8B85F006260B3 /* libXS-C++.a */,
				056C884A18C8C547006260B3 /* libXS-C++.dylib */,
				056C885F18C8C76B006260B3 /* XS-C++.framework */,
				056C88AA18C8C8AC006260B3 /* libXS-C++.a */,
				05E71B631961D9D100F911C4 /* XS-C++ Tests.xctest */,
			);
			name = Products;
			sourceTree = "<group>";
		};
		056C880D18C8B50E006260B3 /* Frameworks */ = {
			isa = PBXGroup;
			children = (
			);
			name = Frameworks;
			sourceTree = "<group>";
		};
		05BDE00918CDB2450028F339 /* XS-C++ */ = {
			isa = PBXGroup;
			children = (
				05BDE00A18CDB2450028F339 /* Clang-Warnings.h */,
				05BDE00B18CDB2450028F339 /* include */,
				05BDE01818CDB2450028F339 /* Info.plist */,
				05BDE01918CDB2450028F339 /* PrefixHeader.pch */,
				05BDE01A18CDB2450028F339 /* source */,
			);
			name = "XS-C++";
			path = "../../XS-C++";
			sourceTree = "<group>";
		};
		05BDE00B18CDB2450028F339 /* include */ = {
			isa = PBXGroup;
			children = (
				05DC06DE1A5FAD5100A7CF26 /* XS-C++ */,
				05DC06DB1A5FACEF00A7CF26 /* XS-C++.h */,
			);
			path = include;
			sourceTree = "<group>";
		};
		05BDE01A18CDB2450028F339 /* source */ = {
			isa = PBXGroup;
			children = (
				05DC07351A5FC9DB00A7CF26 /* Atomic */,
				05DC079F1A61466A00A7CF26 /* Exception.cpp */,
				05DC077D1A600F9400A7CF26 /* Threading */,
				05DC07A81A6149A700A7CF26 /* ToStringable.cpp */,
				05DC07721A5FF6A300A7CF26 /* Version.cpp */,
			);
			path = source;
			sourceTree = "<group>";
		};
		05CADA151A69E7FA00C9E9DC /* Products */ = {
			isa = PBXGroup;
			children = (
				05CADA1C1A69E7FA00C9E9DC /* GoogleMock.framework */,
				05CADA1E1A69E7FA00C9E9DC /* gmock.framework */,
				05CADA201A69E7FA00C9E9DC /* gtest.framework */,
				05CADA221A69E7FA00C9E9DC /* GoogleMockTests.xctest */,
			);
			name = Products;
			sourceTree = "<group>";
		};
		05DC06DE1A5FAD5100A7CF26 /* XS-C++ */ = {
			isa = PBXGroup;
			children = (
				05DC06EA1A5FB38A00A7CF26 /* Atomic.h */,
				05DC079C1A61465400A7CF26 /* Exception.h */,
				05DC06DF1A5FAD5100A7CF26 /* Macros.h */,
				05DC076A1A5FD86200A7CF26 /* PIMPL */,
				05DC07791A600EE500A7CF26 /* Threading */,
				05DC07A51A61489300A7CF26 /* ToStringable.h */,
				05DC06E21A5FADA300A7CF26 /* Types.h */,
				05DC076F1A5FF68200A7CF26 /* Version.h */,
			);
			path = "XS-C++";
			sourceTree = "<group>";
		};
		05DC07351A5FC9DB00A7CF26 /* Atomic */ = {
			isa = PBXGroup;
			children = (
				05DC074F1A5FCFDE00A7CF26 /* Add32.cpp */,
				05DC07541A5FD06400A7CF26 /* Add64.cpp */,
				05DC07591A5FD16B00A7CF26 /* CompareAndSwap32.cpp */,
				05DC075E1A5FD28B00A7CF26 /* CompareAndSwap64.cpp */,
				05DC07631A5FD39A00A7CF26 /* CompareAndSwapPointer.cpp */,
				05DC07451A5FCD4700A7CF26 /* Decrement32.cpp */,
				05DC074A1A5FCF2C00A7CF26 /* Decrement64.cpp */,
				05DC073B1A5FCA6800A7CF26 /* Increment32.cpp */,
				05DC07401A5FCC1300A7CF26 /* Increment64.cpp */,
				05DC07361A5FC9DB00A7CF26 /* MemoryBarrier.cpp */,
			);
			path = Atomic;
			sourceTree = "<group>";
		};
		05DC077D1A600F9400A7CF26 /* Threading */ = {
			isa = PBXGroup;
			children = (
				05DC07951A603CF900A7CF26 /* LockGuard.cpp */,
				05DC07911A60326100A7CF26 /* NativeMutex-POSIX.cpp */,
				05DC07921A60326100A7CF26 /* NativeMutex-WIN32.cpp */,
				05DC078C1A6031D300A7CF26 /* NativeMutex.cpp */,
				05DC077E1A600F9400A7CF26 /* STLMutex.cpp */,
				05CADA111A69DD0F00C9E9DC /* Semaphore-APPLE.cpp */,
				05CADA121A69DD0F00C9E9DC /* Semaphore-POSIX.cpp */,
				05CADA131A69DD0F00C9E9DC /* Semaphore-WIN32.cpp */,
				05FFA38F1A6992E8006E1B9B /* Semaphore.cpp */,
			);
			path = Threading;
			sourceTree = "<group>";
		};
		05E71B6F1961DA1100F911C4 /* Unit-Tests */ = {
			isa = PBXGroup;
			children = (
				05E71B711961DA1100F911C4 /* Info.plist */,
				0590A5F81A72B6CA00BFF0BF /* GMock-Main.cpp */,
				0590A5AA1A6F08EF00BFF0BF /* XS-Atomic.cpp */,
				0590A5AB1A6F08EF00BFF0BF /* XS-Exception.cpp */,
				0590A5AC1A6F08EF00BFF0BF /* XS-PIMPL-Object.cpp */,
				0590A5AD1A6F08EF00BFF0BF /* XS-Threading-LockGuard.cpp */,
				0590A5AE1A6F08EF00BFF0BF /* XS-Threading-NativeMutex.cpp */,
				0590A5AF1A6F08EF00BFF0BF /* XS-Threading-Semaphore.cpp */,
				0590A5B01A6F08EF00BFF0BF /* XS-Threading-STLMutex.cpp */,
				0590A5B11A6F08EF00BFF0BF /* XS-ToStringable.cpp */,
				0590A5B21A6F08EF00BFF0BF /* XS-Version.cpp */,
			);
			name = "Unit-Tests";
			path = "../../Unit-Tests";
			sourceTree = "<group>";
		};
/* End PBXGroup section */

/* Begin PBXHeadersBuildPhase section */
		056C881018C8B85F006260B3 /* Headers */ = {
			isa = PBXHeadersBuildPhase;
			buildActionMask = 2147483647;
			files = (
			);
			runOnlyForDeploymentPostprocessing = 0;
		};
		056C884818C8C547006260B3 /* Headers */ = {
			isa = PBXHeadersBuildPhase;
			buildActionMask = 2147483647;
			files = (
				05DC079D1A61465400A7CF26 /* Exception.h in Headers */,
				05DC06EB1A5FB38A00A7CF26 /* Atomic.h in Headers */,
				05DC06E11A5FAD5500A7CF26 /* Macros.h in Headers */,
				05DC07A61A61489300A7CF26 /* ToStringable.h in Headers */,
				05DC076C1A5FD8AF00A7CF26 /* PIMPL in Headers */,
				05DC077C1A600F0300A7CF26 /* Threading in Headers */,
				05DC06E31A5FADA300A7CF26 /* Types.h in Headers */,
				05DC06DC1A5FACEF00A7CF26 /* XS-C++.h in Headers */,
				05DC07701A5FF68800A7CF26 /* Version.h in Headers */,
			);
			runOnlyForDeploymentPostprocessing = 0;
		};
		056C885C18C8C76B006260B3 /* Headers */ = {
			isa = PBXHeadersBuildPhase;
			buildActionMask = 2147483647;
			files = (
				05DC079E1A61465400A7CF26 /* Exception.h in Headers */,
				05DC06EC1A5FB38A00A7CF26 /* Atomic.h in Headers */,
				05DC06E01A5FAD5500A7CF26 /* Macros.h in Headers */,
				05DC07A71A61489300A7CF26 /* ToStringable.h in Headers */,
				05DC076B1A5FD86F00A7CF26 /* PIMPL in Headers */,
				05DC077B1A600EFC00A7CF26 /* Threading in Headers */,
				05DC06E41A5FADA300A7CF26 /* Types.h in Headers */,
				05DC06DD1A5FACEF00A7CF26 /* XS-C++.h in Headers */,
				05DC07711A5FF68900A7CF26 /* Version.h in Headers */,
			);
			runOnlyForDeploymentPostprocessing = 0;
		};
/* End PBXHeadersBuildPhase section */

/* Begin PBXNativeTarget section */
		056C881118C8B85F006260B3 /* XS-C++ Mac Static Library */ = {
			isa = PBXNativeTarget;
			buildConfigurationList = 056C881318C8B85F006260B3 /* Build configuration list for PBXNativeTarget "XS-C++ Mac Static Library" */;
			buildPhases = (
				056C880E18C8B85F006260B3 /* Sources */,
				056C880F18C8B85F006260B3 /* Frameworks */,
				056C881018C8B85F006260B3 /* Headers */,
				0590A5BC1A6F0E7C00BFF0BF /* ShellScript */,
			);
			buildRules = (
			);
			dependencies = (
			);
			name = "XS-C++ Mac Static Library";
			productName = "CF++";
			productReference = 056C881218C8B85F006260B3 /* libXS-C++.a */;
			productType = "com.apple.product-type.library.static";
		};
		056C884918C8C547006260B3 /* XS-C++ Mac Dynamic Library */ = {
			isa = PBXNativeTarget;
			buildConfigurationList = 056C884B18C8C547006260B3 /* Build configuration list for PBXNativeTarget "XS-C++ Mac Dynamic Library" */;
			buildPhases = (
				056C884618C8C547006260B3 /* Sources */,
				056C884718C8C547006260B3 /* Frameworks */,
				056C884818C8C547006260B3 /* Headers */,
			);
			buildRules = (
			);
			dependencies = (
			);
			name = "XS-C++ Mac Dynamic Library";
			productName = "CF++";
			productReference = 056C884A18C8C547006260B3 /* libXS-C++.dylib */;
			productType = "com.apple.product-type.library.dynamic";
		};
		056C885E18C8C76B006260B3 /* XS-C++ Mac Framework */ = {
			isa = PBXNativeTarget;
			buildConfigurationList = 056C888318C8C76C006260B3 /* Build configuration list for PBXNativeTarget "XS-C++ Mac Framework" */;
			buildPhases = (
				056C885A18C8C76B006260B3 /* Sources */,
				056C885B18C8C76B006260B3 /* Frameworks */,
				056C885C18C8C76B006260B3 /* Headers */,
				056C885D18C8C76B006260B3 /* Resources */,
			);
			buildRules = (
			);
			dependencies = (
			);
			name = "XS-C++ Mac Framework";
			productName = "CF++";
			productReference = 056C885F18C8C76B006260B3 /* XS-C++.framework */;
			productType = "com.apple.product-type.framework";
		};
		056C88A918C8C8AC006260B3 /* XS-C++ iOS Static Library */ = {
			isa = PBXNativeTarget;
			buildConfigurationList = 056C88C918C8C8AD006260B3 /* Build configuration list for PBXNativeTarget "XS-C++ iOS Static Library" */;
			buildPhases = (
				056C88A618C8C8AC006260B3 /* Sources */,
				056C88A718C8C8AC006260B3 /* Frameworks */,
				056C88A818C8C8AC006260B3 /* CopyFiles */,
			);
			buildRules = (
			);
			dependencies = (
			);
			name = "XS-C++ iOS Static Library";
			productName = "CF++";
			productReference = 056C88AA18C8C8AC006260B3 /* libXS-C++.a */;
			productType = "com.apple.product-type.library.static";
		};
		05E71B621961D9D100F911C4 /* XS-C++ Tests */ = {
			isa = PBXNativeTarget;
			buildConfigurationList = 05E71B6C1961D9D100F911C4 /* Build configuration list for PBXNativeTarget "XS-C++ Tests" */;
			buildPhases = (
				05E71B5F1961D9D100F911C4 /* Sources */,
				05E71B601961D9D100F911C4 /* Frameworks */,
				05E71B611961D9D100F911C4 /* Resources */,
				0590A5C11A70711E00BFF0BF /* ShellScript */,
			);
			buildRules = (
			);
			dependencies = (
				05CADA241A69E91800C9E9DC /* PBXTargetDependency */,
				05CADA261A69E91800C9E9DC /* PBXTargetDependency */,
				05CADA281A69E91800C9E9DC /* PBXTargetDependency */,
				05E71B6B1961D9D100F911C4 /* PBXTargetDependency */,
				05169CA11962ACD80082861C /* PBXTargetDependency */,
				05169CA31962ACD80082861C /* PBXTargetDependency */,
			);
			name = "XS-C++ Tests";
			productName = "CF++ Tests";
			productReference = 05E71B631961D9D100F911C4 /* XS-C++ Tests.xctest */;
			productType = "com.apple.product-type.bundle.unit-test";
		};
/* End PBXNativeTarget section */

/* Begin PBXProject section */
		056C87C618C8B0F8006260B3 /* Project object */ = {
			isa = PBXProject;
			attributes = {
				LastUpgradeCheck = 0800;
				ORGANIZATIONNAME = "XS-Labs";
				TargetAttributes = {
					05E71B621961D9D100F911C4 = {
						CreatedOnToolsVersion = 6.0;
						TestTargetID = 056C881118C8B85F006260B3;
					};
				};
			};
			buildConfigurationList = 056C87C918C8B0F8006260B3 /* Build configuration list for PBXProject "XS-C++" */;
			compatibilityVersion = "Xcode 3.2";
			developmentRegion = English;
			hasScannedForEncodings = 0;
			knownRegions = (
				en,
			);
			mainGroup = 056C87C518C8B0F8006260B3;
			productRefGroup = 056C87CF18C8B0F8006260B3 /* Products */;
			projectDirPath = "";
			projectReferences = (
				{
					ProductGroup = 05CADA151A69E7FA00C9E9DC /* Products */;
					ProjectRef = 05FFA3701A696E75006E1B9B /* GoogleMock.xcodeproj */;
				},
			);
			projectRoot = "";
			targets = (
				056C881118C8B85F006260B3 /* XS-C++ Mac Static Library */,
				056C884918C8C547006260B3 /* XS-C++ Mac Dynamic Library */,
				056C885E18C8C76B006260B3 /* XS-C++ Mac Framework */,
				056C88A918C8C8AC006260B3 /* XS-C++ iOS Static Library */,
				05E71B621961D9D100F911C4 /* XS-C++ Tests */,
			);
		};
/* End PBXProject section */

/* Begin PBXReferenceProxy section */
		05CADA1C1A69E7FA00C9E9DC /* GoogleMock.framework */ = {
			isa = PBXReferenceProxy;
			fileType = wrapper.framework;
			path = GoogleMock.framework;
			remoteRef = 05CADA1B1A69E7FA00C9E9DC /* PBXContainerItemProxy */;
			sourceTree = BUILT_PRODUCTS_DIR;
		};
		05CADA1E1A69E7FA00C9E9DC /* gmock.framework */ = {
			isa = PBXReferenceProxy;
			fileType = wrapper.framework;
			path = gmock.framework;
			remoteRef = 05CADA1D1A69E7FA00C9E9DC /* PBXContainerItemProxy */;
			sourceTree = BUILT_PRODUCTS_DIR;
		};
		05CADA201A69E7FA00C9E9DC /* gtest.framework */ = {
			isa = PBXReferenceProxy;
			fileType = wrapper.framework;
			path = gtest.framework;
			remoteRef = 05CADA1F1A69E7FA00C9E9DC /* PBXContainerItemProxy */;
			sourceTree = BUILT_PRODUCTS_DIR;
		};
		05CADA221A69E7FA00C9E9DC /* GoogleMockTests.xctest */ = {
			isa = PBXReferenceProxy;
			fileType = wrapper.cfbundle;
			path = GoogleMockTests.xctest;
			remoteRef = 05CADA211A69E7FA00C9E9DC /* PBXContainerItemProxy */;
			sourceTree = BUILT_PRODUCTS_DIR;
		};
/* End PBXReferenceProxy section */

/* Begin PBXResourcesBuildPhase section */
		056C885D18C8C76B006260B3 /* Resources */ = {
			isa = PBXResourcesBuildPhase;
			buildActionMask = 2147483647;
			files = (
			);
			runOnlyForDeploymentPostprocessing = 0;
		};
		05E71B611961D9D100F911C4 /* Resources */ = {
			isa = PBXResourcesBuildPhase;
			buildActionMask = 2147483647;
			files = (
			);
			runOnlyForDeploymentPostprocessing = 0;
		};
/* End PBXResourcesBuildPhase section */

/* Begin PBXShellScriptBuildPhase section */
		0590A5BC1A6F0E7C00BFF0BF /* ShellScript */ = {
			isa = PBXShellScriptBuildPhase;
			buildActionMask = 2147483647;
			files = (
			);
			inputPaths = (
			);
			outputPaths = (
			);
			runOnlyForDeploymentPostprocessing = 0;
			shellPath = /bin/sh;
			shellScript = "export | egrep '(BUILT_PRODUCTS_DIR)|(CURRENT_ARCH)|(OBJECT_FILE_DIR_normal)|(SRCROOT)|(OBJROOT)' > ../../Scripts/xcenv-lib.sh\n";
		};
		0590A5C11A70711E00BFF0BF /* ShellScript */ = {
			isa = PBXShellScriptBuildPhase;
			buildActionMask = 2147483647;
			files = (
			);
			inputPaths = (
			);
			outputPaths = (
			);
			runOnlyForDeploymentPostprocessing = 0;
			shellPath = /bin/sh;
			shellScript = "export | egrep '(BUILT_PRODUCTS_DIR)|(CURRENT_ARCH)|(OBJECT_FILE_DIR_normal)|(SRCROOT)|(OBJROOT)' > ../../Scripts/xcenv-tests.sh";
		};
/* End PBXShellScriptBuildPhase section */

/* Begin PBXSourcesBuildPhase section */
		056C880E18C8B85F006260B3 /* Sources */ = {
			isa = PBXSourcesBuildPhase;
			buildActionMask = 2147483647;
			files = (
				05DC07641A5FD39A00A7CF26 /* CompareAndSwapPointer.cpp in Sources */,
				05DC07501A5FCFDE00A7CF26 /* Add32.cpp in Sources */,
				05DC07461A5FCD4700A7CF26 /* Decrement32.cpp in Sources */,
				05DC074B1A5FCF2C00A7CF26 /* Decrement64.cpp in Sources */,
				05DC07961A603CF900A7CF26 /* LockGuard.cpp in Sources */,
				05FFA3901A6992E8006E1B9B /* Semaphore.cpp in Sources */,
				05DC078D1A6031D300A7CF26 /* NativeMutex.cpp in Sources */,
				05DC073C1A5FCA6800A7CF26 /* Increment32.cpp in Sources */,
				05DC07551A5FD06400A7CF26 /* Add64.cpp in Sources */,
				05DC075F1A5FD28B00A7CF26 /* CompareAndSwap64.cpp in Sources */,
				05DC07371A5FC9DB00A7CF26 /* MemoryBarrier.cpp in Sources */,
				05DC07411A5FCC1300A7CF26 /* Increment64.cpp in Sources */,
				05DC077F1A600F9400A7CF26 /* STLMutex.cpp in Sources */,
				05DC075A1A5FD16B00A7CF26 /* CompareAndSwap32.cpp in Sources */,
				05DC07A01A61466A00A7CF26 /* Exception.cpp in Sources */,
				05DC07731A5FF6A300A7CF26 /* Version.cpp in Sources */,
				05DC07A91A6149A700A7CF26 /* ToStringable.cpp in Sources */,
			);
			runOnlyForDeploymentPostprocessing = 0;
		};
		056C884618C8C547006260B3 /* Sources */ = {
			isa = PBXSourcesBuildPhase;
			buildActionMask = 2147483647;
			files = (
				05DC07651A5FD39A00A7CF26 /* CompareAndSwapPointer.cpp in Sources */,
				05DC07511A5FCFDE00A7CF26 /* Add32.cpp in Sources */,
				05DC07471A5FCD4700A7CF26 /* Decrement32.cpp in Sources */,
				05DC074C1A5FCF2C00A7CF26 /* Decrement64.cpp in Sources */,
				05DC07971A603CF900A7CF26 /* LockGuard.cpp in Sources */,
				05FFA3911A6992E8006E1B9B /* Semaphore.cpp in Sources */,
				05DC078E1A6031D300A7CF26 /* NativeMutex.cpp in Sources */,
				05DC073D1A5FCA6800A7CF26 /* Increment32.cpp in Sources */,
				05DC07561A5FD06400A7CF26 /* Add64.cpp in Sources */,
				05DC07601A5FD28B00A7CF26 /* CompareAndSwap64.cpp in Sources */,
				05DC07381A5FC9DB00A7CF26 /* MemoryBarrier.cpp in Sources */,
				05DC07421A5FCC1300A7CF26 /* Increment64.cpp in Sources */,
				05DC07801A600F9400A7CF26 /* STLMutex.cpp in Sources */,
				05DC075B1A5FD16B00A7CF26 /* CompareAndSwap32.cpp in Sources */,
				05DC07A11A61466A00A7CF26 /* Exception.cpp in Sources */,
				05DC07741A5FF6A300A7CF26 /* Version.cpp in Sources */,
				05DC07AA1A6149A700A7CF26 /* ToStringable.cpp in Sources */,
			);
			runOnlyForDeploymentPostprocessing = 0;
		};
		056C885A18C8C76B006260B3 /* Sources */ = {
			isa = PBXSourcesBuildPhase;
			buildActionMask = 2147483647;
			files = (
				05DC07661A5FD39A00A7CF26 /* CompareAndSwapPointer.cpp in Sources */,
				05DC07521A5FCFDE00A7CF26 /* Add32.cpp in Sources */,
				05DC07481A5FCD4700A7CF26 /* Decrement32.cpp in Sources */,
				05DC074D1A5FCF2C00A7CF26 /* Decrement64.cpp in Sources */,
				05DC07981A603CF900A7CF26 /* LockGuard.cpp in Sources */,
				05FFA3921A6992E8006E1B9B /* Semaphore.cpp in Sources */,
				05DC078F1A6031D300A7CF26 /* NativeMutex.cpp in Sources */,
				05DC073E1A5FCA6800A7CF26 /* Increment32.cpp in Sources */,
				05DC07571A5FD06400A7CF26 /* Add64.cpp in Sources */,
				05DC07611A5FD28B00A7CF26 /* CompareAndSwap64.cpp in Sources */,
				05DC07391A5FC9DB00A7CF26 /* MemoryBarrier.cpp in Sources */,
				05DC07431A5FCC1300A7CF26 /* Increment64.cpp in Sources */,
				05DC07811A600F9400A7CF26 /* STLMutex.cpp in Sources */,
				05DC075C1A5FD16B00A7CF26 /* CompareAndSwap32.cpp in Sources */,
				05DC07A21A61466A00A7CF26 /* Exception.cpp in Sources */,
				05DC07751A5FF6A300A7CF26 /* Version.cpp in Sources */,
				05DC07AB1A6149A700A7CF26 /* ToStringable.cpp in Sources */,
			);
			runOnlyForDeploymentPostprocessing = 0;
		};
		056C88A618C8C8AC006260B3 /* Sources */ = {
			isa = PBXSourcesBuildPhase;
			buildActionMask = 2147483647;
			files = (
				05DC07671A5FD39A00A7CF26 /* CompareAndSwapPointer.cpp in Sources */,
				05DC07531A5FCFDE00A7CF26 /* Add32.cpp in Sources */,
				05DC07491A5FCD4700A7CF26 /* Decrement32.cpp in Sources */,
				05DC074E1A5FCF2C00A7CF26 /* Decrement64.cpp in Sources */,
				05DC07991A603CF900A7CF26 /* LockGuard.cpp in Sources */,
				05FFA3931A6992E8006E1B9B /* Semaphore.cpp in Sources */,
				05DC07901A6031D300A7CF26 /* NativeMutex.cpp in Sources */,
				05DC073F1A5FCA6800A7CF26 /* Increment32.cpp in Sources */,
				05DC07581A5FD06400A7CF26 /* Add64.cpp in Sources */,
				05DC07621A5FD28B00A7CF26 /* CompareAndSwap64.cpp in Sources */,
				05DC073A1A5FC9DB00A7CF26 /* MemoryBarrier.cpp in Sources */,
				05DC07441A5FCC1300A7CF26 /* Increment64.cpp in Sources */,
				05DC07821A600F9400A7CF26 /* STLMutex.cpp in Sources */,
				05DC075D1A5FD16B00A7CF26 /* CompareAndSwap32.cpp in Sources */,
				05DC07A31A61466A00A7CF26 /* Exception.cpp in Sources */,
				05DC07761A5FF6A300A7CF26 /* Version.cpp in Sources */,
				05DC07AC1A6149A700A7CF26 /* ToStringable.cpp in Sources */,
			);
			runOnlyForDeploymentPostprocessing = 0;
		};
		05E71B5F1961D9D100F911C4 /* Sources */ = {
			isa = PBXSourcesBuildPhase;
			buildActionMask = 2147483647;
			files = (
				0590A5B71A6F08EF00BFF0BF /* XS-Threading-NativeMutex.cpp in Sources */,
				0590A5B61A6F08EF00BFF0BF /* XS-Threading-LockGuard.cpp in Sources */,
				05DC07A41A61466A00A7CF26 /* Exception.cpp in Sources */,
				0590A5B91A6F08EF00BFF0BF /* XS-Threading-STLMutex.cpp in Sources */,
				0590A5B31A6F08EF00BFF0BF /* XS-Atomic.cpp in Sources */,
				0590A5BA1A6F08EF00BFF0BF /* XS-ToStringable.cpp in Sources */,
				0590A5B81A6F08EF00BFF0BF /* XS-Threading-Semaphore.cpp in Sources */,
				0590A5BB1A6F08EF00BFF0BF /* XS-Version.cpp in Sources */,
				0590A5B51A6F08EF00BFF0BF /* XS-PIMPL-Object.cpp in Sources */,
				0590A5B41A6F08EF00BFF0BF /* XS-Exception.cpp in Sources */,
			);
			runOnlyForDeploymentPostprocessing = 0;
		};
/* End PBXSourcesBuildPhase section */

/* Begin PBXTargetDependency section */
		05169CA11962ACD80082861C /* PBXTargetDependency */ = {
			isa = PBXTargetDependency;
			target = 056C881118C8B85F006260B3 /* XS-C++ Mac Static Library */;
			targetProxy = 05169CA01962ACD80082861C /* PBXContainerItemProxy */;
		};
		05169CA31962ACD80082861C /* PBXTargetDependency */ = {
			isa = PBXTargetDependency;
			target = 056C881118C8B85F006260B3 /* XS-C++ Mac Static Library */;
			targetProxy = 05169CA21962ACD80082861C /* PBXContainerItemProxy */;
		};
		05CADA241A69E91800C9E9DC /* PBXTargetDependency */ = {
			isa = PBXTargetDependency;
			name = GoogleMock;
			targetProxy = 05CADA231A69E91800C9E9DC /* PBXContainerItemProxy */;
		};
		05CADA261A69E91800C9E9DC /* PBXTargetDependency */ = {
			isa = PBXTargetDependency;
			name = gmock;
			targetProxy = 05CADA251A69E91800C9E9DC /* PBXContainerItemProxy */;
		};
		05CADA281A69E91800C9E9DC /* PBXTargetDependency */ = {
			isa = PBXTargetDependency;
			name = gtest;
			targetProxy = 05CADA271A69E91800C9E9DC /* PBXContainerItemProxy */;
		};
		05E71B6B1961D9D100F911C4 /* PBXTargetDependency */ = {
			isa = PBXTargetDependency;
			target = 056C881118C8B85F006260B3 /* XS-C++ Mac Static Library */;
			targetProxy = 05E71B6A1961D9D100F911C4 /* PBXContainerItemProxy */;
		};
/* End PBXTargetDependency section */

/* Begin XCBuildConfiguration section */
		056C87D518C8B0F8006260B3 /* Debug */ = {
			isa = XCBuildConfiguration;
			buildSettings = {
				ALWAYS_SEARCH_USER_PATHS = NO;
				CLANG_ANALYZER_DEADCODE_DEADSTORES = YES;
				CLANG_ANALYZER_GCD = YES;
				CLANG_ANALYZER_MEMORY_MANAGEMENT = YES;
				CLANG_ANALYZER_OBJC_ATSYNC = YES;
				CLANG_ANALYZER_OBJC_COLLECTIONS = YES;
				CLANG_ANALYZER_OBJC_INCOMP_METHOD_TYPES = YES;
				CLANG_ANALYZER_OBJC_NSCFERROR = YES;
				CLANG_ANALYZER_OBJC_RETAIN_COUNT = YES;
				CLANG_ANALYZER_OBJC_SELF_INIT = YES;
				CLANG_ANALYZER_OBJC_UNUSED_IVARS = YES;
				CLANG_ANALYZER_SECURITY_FLOATLOOPCOUNTER = YES;
				CLANG_ANALYZER_SECURITY_INSECUREAPI_GETPW_GETS = YES;
				CLANG_ANALYZER_SECURITY_INSECUREAPI_MKSTEMP = YES;
				CLANG_ANALYZER_SECURITY_INSECUREAPI_RAND = YES;
				CLANG_ANALYZER_SECURITY_INSECUREAPI_STRCPY = YES;
				CLANG_ANALYZER_SECURITY_INSECUREAPI_UNCHECKEDRETURN = YES;
				CLANG_ANALYZER_SECURITY_INSECUREAPI_VFORK = YES;
				CLANG_ANALYZER_SECURITY_KEYCHAIN_API = YES;
				CLANG_CXX_LANGUAGE_STANDARD = "c++0x";
				CLANG_CXX_LIBRARY = "libc++";
				CLANG_ENABLE_MODULES = YES;
				CLANG_ENABLE_OBJC_ARC = YES;
				CLANG_STATIC_ANALYZER_MODE = deep;
				CLANG_STATIC_ANALYZER_MODE_ON_ANALYZE_ACTION = deep;
				CLANG_WARN_ASSIGN_ENUM = YES;
				CLANG_WARN_BOOL_CONVERSION = YES;
				CLANG_WARN_CONSTANT_CONVERSION = YES;
				CLANG_WARN_CXX0X_EXTENSIONS = YES;
				CLANG_WARN_DEPRECATED_OBJC_IMPLEMENTATIONS = YES;
				CLANG_WARN_DIRECT_OBJC_ISA_USAGE = YES_ERROR;
				CLANG_WARN_DOCUMENTATION_COMMENTS = YES;
				CLANG_WARN_EMPTY_BODY = YES;
				CLANG_WARN_ENUM_CONVERSION = YES;
				CLANG_WARN_IMPLICIT_SIGN_CONVERSION = YES;
				CLANG_WARN_INFINITE_RECURSION = YES;
				CLANG_WARN_INT_CONVERSION = YES;
				CLANG_WARN_OBJC_EXPLICIT_OWNERSHIP_TYPE = YES;
				CLANG_WARN_OBJC_IMPLICIT_ATOMIC_PROPERTIES = YES;
				CLANG_WARN_OBJC_IMPLICIT_RETAIN_SELF = YES;
				CLANG_WARN_OBJC_MISSING_PROPERTY_SYNTHESIS = YES;
				CLANG_WARN_OBJC_RECEIVER_WEAK = YES;
				CLANG_WARN_OBJC_REPEATED_USE_OF_WEAK = YES;
				CLANG_WARN_OBJC_ROOT_CLASS = YES_ERROR;
				CLANG_WARN_SUSPICIOUS_IMPLICIT_CONVERSION = YES;
				CLANG_WARN_SUSPICIOUS_MOVE = YES;
				CLANG_WARN_UNREACHABLE_CODE = YES;
				CLANG_WARN__ARC_BRIDGE_CAST_NONARC = YES;
				CLANG_WARN__DUPLICATE_METHOD_MATCH = YES;
				CLANG_WARN__EXIT_TIME_DESTRUCTORS = YES;
				COPY_PHASE_STRIP = NO;
				ENABLE_STRICT_OBJC_MSGSEND = YES;
				ENABLE_TESTABILITY = YES;
				GCC_C_LANGUAGE_STANDARD = c99;
				GCC_DYNAMIC_NO_PIC = NO;
				GCC_ENABLE_OBJC_EXCEPTIONS = YES;
				GCC_GENERATE_TEST_COVERAGE_FILES = NO;
				GCC_INSTRUMENT_PROGRAM_FLOW_ARCS = NO;
				GCC_NO_COMMON_BLOCKS = YES;
				GCC_OPTIMIZATION_LEVEL = s;
				GCC_PREPROCESSOR_DEFINITIONS = (
					"DEBUG=1",
					"$(inherited)",
				);
				GCC_SYMBOLS_PRIVATE_EXTERN = NO;
				GCC_TREAT_IMPLICIT_FUNCTION_DECLARATIONS_AS_ERRORS = YES;
				GCC_TREAT_INCOMPATIBLE_POINTER_TYPE_WARNINGS_AS_ERRORS = YES;
				GCC_TREAT_WARNINGS_AS_ERRORS = YES;
				GCC_WARN_64_TO_32_BIT_CONVERSION = YES;
				"GCC_WARN_64_TO_32_BIT_CONVERSION[arch=*64]" = YES;
				GCC_WARN_ABOUT_DEPRECATED_FUNCTIONS = YES;
				GCC_WARN_ABOUT_INVALID_OFFSETOF_MACRO = YES;
				GCC_WARN_ABOUT_MISSING_FIELD_INITIALIZERS = YES;
				GCC_WARN_ABOUT_MISSING_NEWLINE = YES;
				GCC_WARN_ABOUT_MISSING_PROTOTYPES = YES;
				GCC_WARN_ABOUT_POINTER_SIGNEDNESS = YES;
				GCC_WARN_ABOUT_RETURN_TYPE = YES_ERROR;
				GCC_WARN_ALLOW_INCOMPLETE_PROTOCOL = YES;
				GCC_WARN_CHECK_SWITCH_STATEMENTS = YES;
				GCC_WARN_FOUR_CHARACTER_CONSTANTS = YES;
				GCC_WARN_HIDDEN_VIRTUAL_FUNCTIONS = YES;
				GCC_WARN_INHIBIT_ALL_WARNINGS = NO;
				GCC_WARN_INITIALIZER_NOT_FULLY_BRACKETED = YES;
				GCC_WARN_MISSING_PARENTHESES = YES;
				GCC_WARN_MULTIPLE_DEFINITION_TYPES_FOR_SELECTOR = YES;
				GCC_WARN_NON_VIRTUAL_DESTRUCTOR = YES;
				GCC_WARN_PEDANTIC = YES;
				GCC_WARN_SHADOW = YES;
				GCC_WARN_SIGN_COMPARE = YES;
				GCC_WARN_STRICT_SELECTOR_MATCH = YES;
				GCC_WARN_TYPECHECK_CALLS_TO_PRINTF = YES;
				GCC_WARN_UNDECLARED_SELECTOR = YES;
				GCC_WARN_UNINITIALIZED_AUTOS = YES_AGGRESSIVE;
				GCC_WARN_UNKNOWN_PRAGMAS = YES;
				GCC_WARN_UNUSED_FUNCTION = YES;
				GCC_WARN_UNUSED_LABEL = YES;
				GCC_WARN_UNUSED_PARAMETER = YES;
				GCC_WARN_UNUSED_VALUE = YES;
				GCC_WARN_UNUSED_VARIABLE = YES;
				MACOSX_DEPLOYMENT_TARGET = 10.7;
				ONLY_ACTIVE_ARCH = YES;
				RUN_CLANG_STATIC_ANALYZER = YES;
				SDKROOT = macosx;
				VALID_ARCHS = x86_64;
			};
			name = Debug;
		};
		056C87D618C8B0F8006260B3 /* Release */ = {
			isa = XCBuildConfiguration;
			buildSettings = {
				ALWAYS_SEARCH_USER_PATHS = NO;
				CLANG_ANALYZER_DEADCODE_DEADSTORES = YES;
				CLANG_ANALYZER_GCD = YES;
				CLANG_ANALYZER_MEMORY_MANAGEMENT = YES;
				CLANG_ANALYZER_OBJC_ATSYNC = YES;
				CLANG_ANALYZER_OBJC_COLLECTIONS = YES;
				CLANG_ANALYZER_OBJC_INCOMP_METHOD_TYPES = YES;
				CLANG_ANALYZER_OBJC_NSCFERROR = YES;
				CLANG_ANALYZER_OBJC_RETAIN_COUNT = YES;
				CLANG_ANALYZER_OBJC_SELF_INIT = YES;
				CLANG_ANALYZER_OBJC_UNUSED_IVARS = YES;
				CLANG_ANALYZER_SECURITY_FLOATLOOPCOUNTER = YES;
				CLANG_ANALYZER_SECURITY_INSECUREAPI_GETPW_GETS = YES;
				CLANG_ANALYZER_SECURITY_INSECUREAPI_MKSTEMP = YES;
				CLANG_ANALYZER_SECURITY_INSECUREAPI_RAND = YES;
				CLANG_ANALYZER_SECURITY_INSECUREAPI_STRCPY = YES;
				CLANG_ANALYZER_SECURITY_INSECUREAPI_UNCHECKEDRETURN = YES;
				CLANG_ANALYZER_SECURITY_INSECUREAPI_VFORK = YES;
				CLANG_ANALYZER_SECURITY_KEYCHAIN_API = YES;
				CLANG_CXX_LANGUAGE_STANDARD = "c++0x";
				CLANG_CXX_LIBRARY = "libc++";
				CLANG_ENABLE_MODULES = YES;
				CLANG_ENABLE_OBJC_ARC = YES;
				CLANG_STATIC_ANALYZER_MODE = deep;
				CLANG_STATIC_ANALYZER_MODE_ON_ANALYZE_ACTION = deep;
				CLANG_WARN_ASSIGN_ENUM = YES;
				CLANG_WARN_BOOL_CONVERSION = YES;
				CLANG_WARN_CONSTANT_CONVERSION = YES;
				CLANG_WARN_CXX0X_EXTENSIONS = YES;
				CLANG_WARN_DEPRECATED_OBJC_IMPLEMENTATIONS = YES;
				CLANG_WARN_DIRECT_OBJC_ISA_USAGE = YES_ERROR;
				CLANG_WARN_DOCUMENTATION_COMMENTS = YES;
				CLANG_WARN_EMPTY_BODY = YES;
				CLANG_WARN_ENUM_CONVERSION = YES;
				CLANG_WARN_IMPLICIT_SIGN_CONVERSION = YES;
				CLANG_WARN_INFINITE_RECURSION = YES;
				CLANG_WARN_INT_CONVERSION = YES;
				CLANG_WARN_OBJC_EXPLICIT_OWNERSHIP_TYPE = YES;
				CLANG_WARN_OBJC_IMPLICIT_ATOMIC_PROPERTIES = YES;
				CLANG_WARN_OBJC_IMPLICIT_RETAIN_SELF = YES;
				CLANG_WARN_OBJC_MISSING_PROPERTY_SYNTHESIS = YES;
				CLANG_WARN_OBJC_RECEIVER_WEAK = YES;
				CLANG_WARN_OBJC_REPEATED_USE_OF_WEAK = YES;
				CLANG_WARN_OBJC_ROOT_CLASS = YES_ERROR;
				CLANG_WARN_SUSPICIOUS_IMPLICIT_CONVERSION = YES;
				CLANG_WARN_SUSPICIOUS_MOVE = YES;
				CLANG_WARN_UNREACHABLE_CODE = YES;
				CLANG_WARN__ARC_BRIDGE_CAST_NONARC = YES;
				CLANG_WARN__DUPLICATE_METHOD_MATCH = YES;
				CLANG_WARN__EXIT_TIME_DESTRUCTORS = YES;
				COPY_PHASE_STRIP = YES;
				DEBUG_INFORMATION_FORMAT = "dwarf-with-dsym";
				ENABLE_NS_ASSERTIONS = NO;
				ENABLE_STRICT_OBJC_MSGSEND = YES;
				GCC_C_LANGUAGE_STANDARD = c99;
				GCC_ENABLE_OBJC_EXCEPTIONS = YES;
				GCC_GENERATE_TEST_COVERAGE_FILES = NO;
				GCC_INSTRUMENT_PROGRAM_FLOW_ARCS = NO;
				GCC_NO_COMMON_BLOCKS = YES;
				GCC_OPTIMIZATION_LEVEL = s;
				GCC_TREAT_IMPLICIT_FUNCTION_DECLARATIONS_AS_ERRORS = YES;
				GCC_TREAT_INCOMPATIBLE_POINTER_TYPE_WARNINGS_AS_ERRORS = YES;
				GCC_TREAT_WARNINGS_AS_ERRORS = YES;
				GCC_WARN_64_TO_32_BIT_CONVERSION = YES;
				"GCC_WARN_64_TO_32_BIT_CONVERSION[arch=*64]" = YES;
				GCC_WARN_ABOUT_DEPRECATED_FUNCTIONS = YES;
				GCC_WARN_ABOUT_INVALID_OFFSETOF_MACRO = YES;
				GCC_WARN_ABOUT_MISSING_FIELD_INITIALIZERS = YES;
				GCC_WARN_ABOUT_MISSING_NEWLINE = YES;
				GCC_WARN_ABOUT_MISSING_PROTOTYPES = YES;
				GCC_WARN_ABOUT_POINTER_SIGNEDNESS = YES;
				GCC_WARN_ABOUT_RETURN_TYPE = YES_ERROR;
				GCC_WARN_ALLOW_INCOMPLETE_PROTOCOL = YES;
				GCC_WARN_CHECK_SWITCH_STATEMENTS = YES;
				GCC_WARN_FOUR_CHARACTER_CONSTANTS = YES;
				GCC_WARN_HIDDEN_VIRTUAL_FUNCTIONS = YES;
				GCC_WARN_INHIBIT_ALL_WARNINGS = NO;
				GCC_WARN_INITIALIZER_NOT_FULLY_BRACKETED = YES;
				GCC_WARN_MISSING_PARENTHESES = YES;
				GCC_WARN_MULTIPLE_DEFINITION_TYPES_FOR_SELECTOR = YES;
				GCC_WARN_NON_VIRTUAL_DESTRUCTOR = YES;
				GCC_WARN_PEDANTIC = YES;
				GCC_WARN_SHADOW = YES;
				GCC_WARN_SIGN_COMPARE = YES;
				GCC_WARN_STRICT_SELECTOR_MATCH = YES;
				GCC_WARN_TYPECHECK_CALLS_TO_PRINTF = YES;
				GCC_WARN_UNDECLARED_SELECTOR = YES;
				GCC_WARN_UNINITIALIZED_AUTOS = YES_AGGRESSIVE;
				GCC_WARN_UNKNOWN_PRAGMAS = YES;
				GCC_WARN_UNUSED_FUNCTION = YES;
				GCC_WARN_UNUSED_LABEL = YES;
				GCC_WARN_UNUSED_PARAMETER = YES;
				GCC_WARN_UNUSED_VALUE = YES;
				GCC_WARN_UNUSED_VARIABLE = YES;
				MACOSX_DEPLOYMENT_TARGET = 10.7;
				ONLY_ACTIVE_ARCH = NO;
				RUN_CLANG_STATIC_ANALYZER = YES;
				SDKROOT = macosx;
				VALID_ARCHS = x86_64;
			};
			name = Release;
		};
		056C881418C8B85F006260B3 /* Debug */ = {
			isa = XCBuildConfiguration;
			buildSettings = {
				COMBINE_HIDPI_IMAGES = YES;
				EXECUTABLE_PREFIX = lib;
				GCC_PRECOMPILE_PREFIX_HEADER = YES;
				GCC_PREFIX_HEADER = "../../XS-C++/PrefixHeader.pch";
				HEADER_SEARCH_PATHS = (
					"$(inherited)",
					"../../XS-C++/include",
				);
				PRODUCT_NAME = "XS-C++";
				SKIP_INSTALL = YES;
			};
			name = Debug;
		};
		056C881518C8B85F006260B3 /* Release */ = {
			isa = XCBuildConfiguration;
			buildSettings = {
				COMBINE_HIDPI_IMAGES = YES;
				EXECUTABLE_PREFIX = lib;
				GCC_PRECOMPILE_PREFIX_HEADER = YES;
				GCC_PREFIX_HEADER = "../../XS-C++/PrefixHeader.pch";
				HEADER_SEARCH_PATHS = (
					"$(inherited)",
					"../../XS-C++/include",
				);
				PRODUCT_NAME = "XS-C++";
				SKIP_INSTALL = YES;
			};
			name = Release;
		};
		056C884C18C8C547006260B3 /* Debug */ = {
			isa = XCBuildConfiguration;
			buildSettings = {
				COMBINE_HIDPI_IMAGES = YES;
				EXECUTABLE_PREFIX = lib;
				GCC_PRECOMPILE_PREFIX_HEADER = YES;
				GCC_PREFIX_HEADER = "../../XS-C++/PrefixHeader.pch";
				HEADER_SEARCH_PATHS = (
					"$(inherited)",
					"../../XS-C++/include",
				);
				PRODUCT_NAME = "XS-C++";
			};
			name = Debug;
		};
		056C884D18C8C547006260B3 /* Release */ = {
			isa = XCBuildConfiguration;
			buildSettings = {
				COMBINE_HIDPI_IMAGES = YES;
				EXECUTABLE_PREFIX = lib;
				GCC_PRECOMPILE_PREFIX_HEADER = YES;
				GCC_PREFIX_HEADER = "../../XS-C++/PrefixHeader.pch";
				HEADER_SEARCH_PATHS = (
					"$(inherited)",
					"../../XS-C++/include",
				);
				PRODUCT_NAME = "XS-C++";
			};
			name = Release;
		};
		056C888418C8C76C006260B3 /* Debug */ = {
			isa = XCBuildConfiguration;
			buildSettings = {
				COMBINE_HIDPI_IMAGES = YES;
				DYLIB_COMPATIBILITY_VERSION = 1;
				DYLIB_CURRENT_VERSION = 1;
				FRAMEWORK_VERSION = A;
				GCC_PRECOMPILE_PREFIX_HEADER = YES;
				GCC_PREFIX_HEADER = "../../XS-C++/PrefixHeader.pch";
				HEADER_SEARCH_PATHS = (
					"$(inherited)",
					"../../XS-C++/include",
				);
				INFOPLIST_FILE = "../../XS-C++/Info.plist";
				PRODUCT_BUNDLE_IDENTIFIER = "com.xs-labs.XS-CPP";
				PRODUCT_NAME = "XS-C++";
				WRAPPER_EXTENSION = framework;
			};
			name = Debug;
		};
		056C888518C8C76C006260B3 /* Release */ = {
			isa = XCBuildConfiguration;
			buildSettings = {
				COMBINE_HIDPI_IMAGES = YES;
				DYLIB_COMPATIBILITY_VERSION = 1;
				DYLIB_CURRENT_VERSION = 1;
				FRAMEWORK_VERSION = A;
				GCC_PRECOMPILE_PREFIX_HEADER = YES;
				GCC_PREFIX_HEADER = "../../XS-C++/PrefixHeader.pch";
				HEADER_SEARCH_PATHS = (
					"$(inherited)",
					"../../XS-C++/include",
				);
				INFOPLIST_FILE = "../../XS-C++/Info.plist";
				PRODUCT_BUNDLE_IDENTIFIER = "com.xs-labs.XS-CPP";
				PRODUCT_NAME = "XS-C++";
				WRAPPER_EXTENSION = framework;
			};
			name = Release;
		};
		056C88CA18C8C8AD006260B3 /* Debug */ = {
			isa = XCBuildConfiguration;
			buildSettings = {
				DSTROOT = /tmp/CF__.dst;
				GCC_PRECOMPILE_PREFIX_HEADER = YES;
				GCC_PREFIX_HEADER = "../../XS-C++/PrefixHeader.pch";
				HEADER_SEARCH_PATHS = (
					"$(inherited)",
					"../../XS-C++/include",
				);
				IPHONEOS_DEPLOYMENT_TARGET = 8.0;
				OTHER_LDFLAGS = "-ObjC";
				PRODUCT_NAME = "XS-C++";
				SDKROOT = iphoneos;
				SKIP_INSTALL = YES;
				VALID_ARCHS = "arm64 armv7 armv7s";
			};
			name = Debug;
		};
		056C88CB18C8C8AD006260B3 /* Release */ = {
			isa = XCBuildConfiguration;
			buildSettings = {
				DSTROOT = /tmp/CF__.dst;
				GCC_PRECOMPILE_PREFIX_HEADER = YES;
				GCC_PREFIX_HEADER = "../../XS-C++/PrefixHeader.pch";
				HEADER_SEARCH_PATHS = (
					"$(inherited)",
					"../../XS-C++/include",
				);
				IPHONEOS_DEPLOYMENT_TARGET = 8.0;
				OTHER_LDFLAGS = "-ObjC";
				PRODUCT_NAME = "XS-C++";
				SDKROOT = iphoneos;
				SKIP_INSTALL = YES;
				VALIDATE_PRODUCT = YES;
				VALID_ARCHS = "arm64 armv7 armv7s";
			};
			name = Release;
		};
		05818F701A66028D0072A469 /* GCov */ = {
			isa = XCBuildConfiguration;
			buildSettings = {
				ALWAYS_SEARCH_USER_PATHS = NO;
				CLANG_ANALYZER_DEADCODE_DEADSTORES = YES;
				CLANG_ANALYZER_GCD = YES;
				CLANG_ANALYZER_MEMORY_MANAGEMENT = YES;
				CLANG_ANALYZER_OBJC_ATSYNC = YES;
				CLANG_ANALYZER_OBJC_COLLECTIONS = YES;
				CLANG_ANALYZER_OBJC_INCOMP_METHOD_TYPES = YES;
				CLANG_ANALYZER_OBJC_NSCFERROR = YES;
				CLANG_ANALYZER_OBJC_RETAIN_COUNT = YES;
				CLANG_ANALYZER_OBJC_SELF_INIT = YES;
				CLANG_ANALYZER_OBJC_UNUSED_IVARS = YES;
				CLANG_ANALYZER_SECURITY_FLOATLOOPCOUNTER = YES;
				CLANG_ANALYZER_SECURITY_INSECUREAPI_GETPW_GETS = YES;
				CLANG_ANALYZER_SECURITY_INSECUREAPI_MKSTEMP = YES;
				CLANG_ANALYZER_SECURITY_INSECUREAPI_RAND = YES;
				CLANG_ANALYZER_SECURITY_INSECUREAPI_STRCPY = YES;
				CLANG_ANALYZER_SECURITY_INSECUREAPI_UNCHECKEDRETURN = YES;
				CLANG_ANALYZER_SECURITY_INSECUREAPI_VFORK = YES;
				CLANG_ANALYZER_SECURITY_KEYCHAIN_API = YES;
				CLANG_CXX_LANGUAGE_STANDARD = "c++0x";
				CLANG_CXX_LIBRARY = "libc++";
				CLANG_ENABLE_MODULES = YES;
				CLANG_ENABLE_OBJC_ARC = YES;
				CLANG_STATIC_ANALYZER_MODE = deep;
				CLANG_STATIC_ANALYZER_MODE_ON_ANALYZE_ACTION = deep;
				CLANG_WARN_ASSIGN_ENUM = YES;
				CLANG_WARN_BOOL_CONVERSION = YES;
				CLANG_WARN_CONSTANT_CONVERSION = YES;
				CLANG_WARN_CXX0X_EXTENSIONS = YES;
				CLANG_WARN_DEPRECATED_OBJC_IMPLEMENTATIONS = YES;
				CLANG_WARN_DIRECT_OBJC_ISA_USAGE = YES_ERROR;
				CLANG_WARN_DOCUMENTATION_COMMENTS = YES;
				CLANG_WARN_EMPTY_BODY = YES;
				CLANG_WARN_ENUM_CONVERSION = YES;
				CLANG_WARN_IMPLICIT_SIGN_CONVERSION = YES;
				CLANG_WARN_INFINITE_RECURSION = YES;
				CLANG_WARN_INT_CONVERSION = YES;
				CLANG_WARN_OBJC_EXPLICIT_OWNERSHIP_TYPE = YES;
				CLANG_WARN_OBJC_IMPLICIT_ATOMIC_PROPERTIES = YES;
				CLANG_WARN_OBJC_IMPLICIT_RETAIN_SELF = YES;
				CLANG_WARN_OBJC_MISSING_PROPERTY_SYNTHESIS = YES;
				CLANG_WARN_OBJC_RECEIVER_WEAK = YES;
				CLANG_WARN_OBJC_REPEATED_USE_OF_WEAK = YES;
				CLANG_WARN_OBJC_ROOT_CLASS = YES_ERROR;
				CLANG_WARN_SUSPICIOUS_IMPLICIT_CONVERSION = YES;
				CLANG_WARN_SUSPICIOUS_MOVE = YES;
				CLANG_WARN_UNREACHABLE_CODE = YES;
				CLANG_WARN__ARC_BRIDGE_CAST_NONARC = YES;
				CLANG_WARN__DUPLICATE_METHOD_MATCH = YES;
				CLANG_WARN__EXIT_TIME_DESTRUCTORS = YES;
				COPY_PHASE_STRIP = NO;
				ENABLE_STRICT_OBJC_MSGSEND = YES;
				GCC_C_LANGUAGE_STANDARD = c99;
				GCC_DYNAMIC_NO_PIC = NO;
				GCC_ENABLE_OBJC_EXCEPTIONS = YES;
				GCC_GENERATE_TEST_COVERAGE_FILES = YES;
				GCC_INSTRUMENT_PROGRAM_FLOW_ARCS = YES;
				GCC_NO_COMMON_BLOCKS = YES;
				GCC_OPTIMIZATION_LEVEL = s;
				GCC_PREPROCESSOR_DEFINITIONS = (
					"DEBUG=1",
					"$(inherited)",
				);
				GCC_SYMBOLS_PRIVATE_EXTERN = NO;
				GCC_TREAT_IMPLICIT_FUNCTION_DECLARATIONS_AS_ERRORS = YES;
				GCC_TREAT_INCOMPATIBLE_POINTER_TYPE_WARNINGS_AS_ERRORS = YES;
				GCC_TREAT_WARNINGS_AS_ERRORS = YES;
				GCC_WARN_64_TO_32_BIT_CONVERSION = YES;
				"GCC_WARN_64_TO_32_BIT_CONVERSION[arch=*64]" = YES;
				GCC_WARN_ABOUT_DEPRECATED_FUNCTIONS = YES;
				GCC_WARN_ABOUT_INVALID_OFFSETOF_MACRO = YES;
				GCC_WARN_ABOUT_MISSING_FIELD_INITIALIZERS = YES;
				GCC_WARN_ABOUT_MISSING_NEWLINE = YES;
				GCC_WARN_ABOUT_MISSING_PROTOTYPES = YES;
				GCC_WARN_ABOUT_POINTER_SIGNEDNESS = YES;
				GCC_WARN_ABOUT_RETURN_TYPE = YES_ERROR;
				GCC_WARN_ALLOW_INCOMPLETE_PROTOCOL = YES;
				GCC_WARN_CHECK_SWITCH_STATEMENTS = YES;
				GCC_WARN_FOUR_CHARACTER_CONSTANTS = YES;
				GCC_WARN_HIDDEN_VIRTUAL_FUNCTIONS = YES;
				GCC_WARN_INHIBIT_ALL_WARNINGS = NO;
				GCC_WARN_INITIALIZER_NOT_FULLY_BRACKETED = YES;
				GCC_WARN_MISSING_PARENTHESES = YES;
				GCC_WARN_MULTIPLE_DEFINITION_TYPES_FOR_SELECTOR = YES;
				GCC_WARN_NON_VIRTUAL_DESTRUCTOR = YES;
				GCC_WARN_PEDANTIC = YES;
				GCC_WARN_SHADOW = YES;
				GCC_WARN_SIGN_COMPARE = YES;
				GCC_WARN_STRICT_SELECTOR_MATCH = YES;
				GCC_WARN_TYPECHECK_CALLS_TO_PRINTF = YES;
				GCC_WARN_UNDECLARED_SELECTOR = YES;
				GCC_WARN_UNINITIALIZED_AUTOS = YES_AGGRESSIVE;
				GCC_WARN_UNKNOWN_PRAGMAS = YES;
				GCC_WARN_UNUSED_FUNCTION = YES;
				GCC_WARN_UNUSED_LABEL = YES;
				GCC_WARN_UNUSED_PARAMETER = YES;
				GCC_WARN_UNUSED_VALUE = YES;
				GCC_WARN_UNUSED_VARIABLE = YES;
				MACOSX_DEPLOYMENT_TARGET = 10.7;
				ONLY_ACTIVE_ARCH = YES;
				RUN_CLANG_STATIC_ANALYZER = YES;
				SDKROOT = macosx;
				VALID_ARCHS = x86_64;
			};
			name = GCov;
		};
		05818F721A66028D0072A469 /* GCov */ = {
			isa = XCBuildConfiguration;
			buildSettings = {
				COMBINE_HIDPI_IMAGES = YES;
				EXECUTABLE_PREFIX = lib;
				GCC_PRECOMPILE_PREFIX_HEADER = YES;
				GCC_PREFIX_HEADER = "../../XS-C++/PrefixHeader.pch";
				HEADER_SEARCH_PATHS = (
					"$(inherited)",
					"../../XS-C++/include",
				);
				PRODUCT_NAME = "XS-C++";
				SKIP_INSTALL = YES;
			};
			name = GCov;
		};
		05818F731A66028D0072A469 /* GCov */ = {
			isa = XCBuildConfiguration;
			buildSettings = {
				COMBINE_HIDPI_IMAGES = YES;
				EXECUTABLE_PREFIX = lib;
				GCC_PRECOMPILE_PREFIX_HEADER = YES;
				GCC_PREFIX_HEADER = "../../XS-C++/PrefixHeader.pch";
				HEADER_SEARCH_PATHS = (
					"$(inherited)",
					"../../XS-C++/include",
				);
				PRODUCT_NAME = "XS-C++";
			};
			name = GCov;
		};
		05818F741A66028D0072A469 /* GCov */ = {
			isa = XCBuildConfiguration;
			buildSettings = {
				COMBINE_HIDPI_IMAGES = YES;
				DYLIB_COMPATIBILITY_VERSION = 1;
				DYLIB_CURRENT_VERSION = 1;
				FRAMEWORK_VERSION = A;
				GCC_PRECOMPILE_PREFIX_HEADER = YES;
				GCC_PREFIX_HEADER = "../../XS-C++/PrefixHeader.pch";
				HEADER_SEARCH_PATHS = (
					"$(inherited)",
					"../../XS-C++/include",
				);
				INFOPLIST_FILE = "../../XS-C++/Info.plist";
				PRODUCT_BUNDLE_IDENTIFIER = "com.xs-labs.XS-CPP";
				PRODUCT_NAME = "XS-C++";
				WRAPPER_EXTENSION = framework;
			};
			name = GCov;
		};
		05818F751A66028D0072A469 /* GCov */ = {
			isa = XCBuildConfiguration;
			buildSettings = {
				DSTROOT = /tmp/CF__.dst;
				GCC_PRECOMPILE_PREFIX_HEADER = YES;
				GCC_PREFIX_HEADER = "../../XS-C++/PrefixHeader.pch";
				HEADER_SEARCH_PATHS = (
					"$(inherited)",
					"../../XS-C++/include",
				);
				IPHONEOS_DEPLOYMENT_TARGET = 8.0;
				OTHER_LDFLAGS = "-ObjC";
				PRODUCT_NAME = "XS-C++";
				SDKROOT = iphoneos;
				SKIP_INSTALL = YES;
				VALID_ARCHS = "arm64 armv7 armv7s";
			};
			name = GCov;
		};
		05818F761A66028D0072A469 /* GCov */ = {
			isa = XCBuildConfiguration;
			buildSettings = {
				COMBINE_HIDPI_IMAGES = YES;
				FRAMEWORK_SEARCH_PATHS = (
					"$(DEVELOPER_FRAMEWORKS_DIR)",
					"$(inherited)",
				);
				GCC_OPTIMIZATION_LEVEL = 0;
				GCC_WARN_PEDANTIC = NO;
				HEADER_SEARCH_PATHS = (
					"$(inherited)",
					"/Applications/Xcode6-Beta2.app/Contents/Developer/Toolchains/XcodeDefault.xctoolchain/usr/include",
					"../../XS-C++/include",
				);
				INFOPLIST_FILE = "../../Unit-Tests/Info.plist";
				LD_RUNPATH_SEARCH_PATHS = "$(inherited) @executable_path/../Frameworks @loader_path/../Frameworks";
				METAL_ENABLE_DEBUG_INFO = YES;
				PRODUCT_BUNDLE_IDENTIFIER = "com.xs-labs.${PRODUCT_NAME:rfc1034identifier}";
				PRODUCT_NAME = "$(TARGET_NAME)";
			};
			name = GCov;
		};
		05E71B6D1961D9D100F911C4 /* Debug */ = {
			isa = XCBuildConfiguration;
			buildSettings = {
				COMBINE_HIDPI_IMAGES = YES;
				FRAMEWORK_SEARCH_PATHS = (
					"$(DEVELOPER_FRAMEWORKS_DIR)",
					"$(inherited)",
				);
				GCC_OPTIMIZATION_LEVEL = 0;
				GCC_WARN_PEDANTIC = NO;
				HEADER_SEARCH_PATHS = (
					"$(inherited)",
					"/Applications/Xcode6-Beta2.app/Contents/Developer/Toolchains/XcodeDefault.xctoolchain/usr/include",
					"../../XS-C++/include",
				);
				INFOPLIST_FILE = "../../Unit-Tests/Info.plist";
				LD_RUNPATH_SEARCH_PATHS = "$(inherited) @executable_path/../Frameworks @loader_path/../Frameworks";
				METAL_ENABLE_DEBUG_INFO = YES;
				PRODUCT_BUNDLE_IDENTIFIER = "com.xs-labs.${PRODUCT_NAME:rfc1034identifier}";
				PRODUCT_NAME = "$(TARGET_NAME)";
			};
			name = Debug;
		};
		05E71B6E1961D9D100F911C4 /* Release */ = {
			isa = XCBuildConfiguration;
			buildSettings = {
				COMBINE_HIDPI_IMAGES = YES;
				FRAMEWORK_SEARCH_PATHS = (
					"$(DEVELOPER_FRAMEWORKS_DIR)",
					"$(inherited)",
				);
				GCC_OPTIMIZATION_LEVEL = 0;
				GCC_WARN_PEDANTIC = NO;
				HEADER_SEARCH_PATHS = (
					"$(inherited)",
					"/Applications/Xcode6-Beta2.app/Contents/Developer/Toolchains/XcodeDefault.xctoolchain/usr/include",
					"../../XS-C++/include",
				);
				INFOPLIST_FILE = "../../Unit-Tests/Info.plist";
				LD_RUNPATH_SEARCH_PATHS = "$(inherited) @executable_path/../Frameworks @loader_path/../Frameworks";
				METAL_ENABLE_DEBUG_INFO = NO;
				PRODUCT_BUNDLE_IDENTIFIER = "com.xs-labs.${PRODUCT_NAME:rfc1034identifier}";
				PRODUCT_NAME = "$(TARGET_NAME)";
			};
			name = Release;
		};
/* End XCBuildConfiguration section */

/* Begin XCConfigurationList section */
		056C87C918C8B0F8006260B3 /* Build configuration list for PBXProject "XS-C++" */ = {
			isa = XCConfigurationList;
			buildConfigurations = (
				056C87D518C8B0F8006260B3 /* Debug */,
				05818F701A66028D0072A469 /* GCov */,
				056C87D618C8B0F8006260B3 /* Release */,
			);
			defaultConfigurationIsVisible = 0;
			defaultConfigurationName = Release;
		};
		056C881318C8B85F006260B3 /* Build configuration list for PBXNativeTarget "XS-C++ Mac Static Library" */ = {
			isa = XCConfigurationList;
			buildConfigurations = (
				056C881418C8B85F006260B3 /* Debug */,
				05818F721A66028D0072A469 /* GCov */,
				056C881518C8B85F006260B3 /* Release */,
			);
			defaultConfigurationIsVisible = 0;
			defaultConfigurationName = Release;
		};
		056C884B18C8C547006260B3 /* Build configuration list for PBXNativeTarget "XS-C++ Mac Dynamic Library" */ = {
			isa = XCConfigurationList;
			buildConfigurations = (
				056C884C18C8C547006260B3 /* Debug */,
				05818F731A66028D0072A469 /* GCov */,
				056C884D18C8C547006260B3 /* Release */,
			);
			defaultConfigurationIsVisible = 0;
			defaultConfigurationName = Release;
		};
		056C888318C8C76C006260B3 /* Build configuration list for PBXNativeTarget "XS-C++ Mac Framework" */ = {
			isa = XCConfigurationList;
			buildConfigurations = (
				056C888418C8C76C006260B3 /* Debug */,
				05818F741A66028D0072A469 /* GCov */,
				056C888518C8C76C006260B3 /* Release */,
			);
			defaultConfigurationIsVisible = 0;
			defaultConfigurationName = Release;
		};
		056C88C918C8C8AD006260B3 /* Build configuration list for PBXNativeTarget "XS-C++ iOS Static Library" */ = {
			isa = XCConfigurationList;
			buildConfigurations = (
				056C88CA18C8C8AD006260B3 /* Debug */,
				05818F751A66028D0072A469 /* GCov */,
				056C88CB18C8C8AD006260B3 /* Release */,
			);
			defaultConfigurationIsVisible = 0;
			defaultConfigurationName = Release;
		};
		05E71B6C1961D9D100F911C4 /* Build configuration list for PBXNativeTarget "XS-C++ Tests" */ = {
			isa = XCConfigurationList;
			buildConfigurations = (
				05E71B6D1961D9D100F911C4 /* Debug */,
				05818F761A66028D0072A469 /* GCov */,
				05E71B6E1961D9D100F911C4 /* Release */,
			);
			defaultConfigurationIsVisible = 0;
			defaultConfigurationName = Release;
		};
/* End XCConfigurationList section */
	};
	rootObject = 056C87C618C8B0F8006260B3 /* Project object */;
}
